// !$*UTF8*$!
{
	archiveVersion = 1;
	classes = {
	};
	objectVersion = 56;
	objects = {

/* Begin PBXBuildFile section */
		A2B6F0FC2AF20A5100B48C66 /* WavecatcherApp.swift in Sources */ = {isa = PBXBuildFile; fileRef = A2B6F0FB2AF20A5100B48C66 /* WavecatcherApp.swift */; };
		A2B6F1002AF20A5200B48C66 /* Assets.xcassets in Resources */ = {isa = PBXBuildFile; fileRef = A2B6F0FF2AF20A5200B48C66 /* Assets.xcassets */; };
		A2B6F10E2AF20A5200B48C66 /* WavecatcherTests.swift in Sources */ = {isa = PBXBuildFile; fileRef = A2B6F10D2AF20A5200B48C66 /* WavecatcherTests.swift */; };
		A2B6F1182AF20A5200B48C66 /* WavecatcherUITests.swift in Sources */ = {isa = PBXBuildFile; fileRef = A2B6F1172AF20A5200B48C66 /* WavecatcherUITests.swift */; };
		A2B6F11A2AF20A5200B48C66 /* WavecatcherUITestsLaunchTests.swift in Sources */ = {isa = PBXBuildFile; fileRef = A2B6F1192AF20A5200B48C66 /* WavecatcherUITestsLaunchTests.swift */; };
/* End PBXBuildFile section */

/* Begin PBXContainerItemProxy section */
		A2B6F10A2AF20A5200B48C66 /* PBXContainerItemProxy */ = {
			isa = PBXContainerItemProxy;
			containerPortal = A2B6F0F02AF20A5100B48C66 /* Project object */;
			proxyType = 1;
			remoteGlobalIDString = A2B6F0F72AF20A5100B48C66;
			remoteInfo = Wavecatcher;
		};
		A2B6F1142AF20A5200B48C66 /* PBXContainerItemProxy */ = {
			isa = PBXContainerItemProxy;
			containerPortal = A2B6F0F02AF20A5100B48C66 /* Project object */;
			proxyType = 1;
			remoteGlobalIDString = A2B6F0F72AF20A5100B48C66;
			remoteInfo = Wavecatcher;
		};
/* End PBXContainerItemProxy section */

/* Begin PBXFileReference section */
		A2B6F0F82AF20A5100B48C66 /* Wavecatcher.app */ = {isa = PBXFileReference; explicitFileType = wrapper.application; includeInIndex = 0; path = Wavecatcher.app; sourceTree = BUILT_PRODUCTS_DIR; };
		A2B6F0FB2AF20A5100B48C66 /* WavecatcherApp.swift */ = {isa = PBXFileReference; lastKnownFileType = sourcecode.swift; path = WavecatcherApp.swift; sourceTree = "<group>"; };
		A2B6F0FF2AF20A5200B48C66 /* Assets.xcassets */ = {isa = PBXFileReference; lastKnownFileType = folder.assetcatalog; path = Assets.xcassets; sourceTree = "<group>"; };
		A2B6F1012AF20A5200B48C66 /* Wavecatcher.entitlements */ = {isa = PBXFileReference; lastKnownFileType = text.plist.entitlements; path = Wavecatcher.entitlements; sourceTree = "<group>"; };
		A2B6F1092AF20A5200B48C66 /* WavecatcherTests.xctest */ = {isa = PBXFileReference; explicitFileType = wrapper.cfbundle; includeInIndex = 0; path = WavecatcherTests.xctest; sourceTree = BUILT_PRODUCTS_DIR; };
		A2B6F10D2AF20A5200B48C66 /* WavecatcherTests.swift */ = {isa = PBXFileReference; lastKnownFileType = sourcecode.swift; path = WavecatcherTests.swift; sourceTree = "<group>"; };
		A2B6F1132AF20A5200B48C66 /* WavecatcherUITests.xctest */ = {isa = PBXFileReference; explicitFileType = wrapper.cfbundle; includeInIndex = 0; path = WavecatcherUITests.xctest; sourceTree = BUILT_PRODUCTS_DIR; };
		A2B6F1172AF20A5200B48C66 /* WavecatcherUITests.swift */ = {isa = PBXFileReference; lastKnownFileType = sourcecode.swift; path = WavecatcherUITests.swift; sourceTree = "<group>"; };
		A2B6F1192AF20A5200B48C66 /* WavecatcherUITestsLaunchTests.swift */ = {isa = PBXFileReference; lastKnownFileType = sourcecode.swift; path = WavecatcherUITestsLaunchTests.swift; sourceTree = "<group>"; };
/* End PBXFileReference section */

/* Begin PBXFrameworksBuildPhase section */
		A2B6F0F52AF20A5100B48C66 /* Frameworks */ = {
			isa = PBXFrameworksBuildPhase;
			buildActionMask = 2147483647;
			files = (
			);
			runOnlyForDeploymentPostprocessing = 0;
		};
		A2B6F1062AF20A5200B48C66 /* Frameworks */ = {
			isa = PBXFrameworksBuildPhase;
			buildActionMask = 2147483647;
			files = (
			);
			runOnlyForDeploymentPostprocessing = 0;
		};
		A2B6F1102AF20A5200B48C66 /* Frameworks */ = {
			isa = PBXFrameworksBuildPhase;
			buildActionMask = 2147483647;
			files = (
			);
			runOnlyForDeploymentPostprocessing = 0;
		};
/* End PBXFrameworksBuildPhase section */

/* Begin PBXGroup section */
		A2B6F0EF2AF20A5100B48C66 = {
			isa = PBXGroup;
			children = (
				A2B6F0FA2AF20A5100B48C66 /* Wavecatcher */,
				A2B6F10C2AF20A5200B48C66 /* WavecatcherTests */,
				A2B6F1162AF20A5200B48C66 /* WavecatcherUITests */,
				A2B6F0F92AF20A5100B48C66 /* Products */,
			);
			sourceTree = "<group>";
		};
		A2B6F0F92AF20A5100B48C66 /* Products */ = {
			isa = PBXGroup;
			children = (
				A2B6F0F82AF20A5100B48C66 /* Wavecatcher.app */,
				A2B6F1092AF20A5200B48C66 /* WavecatcherTests.xctest */,
				A2B6F1132AF20A5200B48C66 /* WavecatcherUITests.xctest */,
			);
			name = Products;
			sourceTree = "<group>";
		};
		A2B6F0FA2AF20A5100B48C66 /* Wavecatcher */ = {
			isa = PBXGroup;
			children = (
				A2B6F0FB2AF20A5100B48C66 /* WavecatcherApp.swift */,
				A2B6F0FF2AF20A5200B48C66 /* Assets.xcassets */,
				A2B6F1012AF20A5200B48C66 /* Wavecatcher.entitlements */,
			);
			path = Wavecatcher;
			sourceTree = "<group>";
		};
		A2B6F10C2AF20A5200B48C66 /* WavecatcherTests */ = {
			isa = PBXGroup;
			children = (
				A2B6F10D2AF20A5200B48C66 /* WavecatcherTests.swift */,
			);
			path = WavecatcherTests;
			sourceTree = "<group>";
		};
		A2B6F1162AF20A5200B48C66 /* WavecatcherUITests */ = {
			isa = PBXGroup;
			children = (
				A2B6F1172AF20A5200B48C66 /* WavecatcherUITests.swift */,
				A2B6F1192AF20A5200B48C66 /* WavecatcherUITestsLaunchTests.swift */,
			);
			path = WavecatcherUITests;
			sourceTree = "<group>";
		};
/* End PBXGroup section */

/* Begin PBXNativeTarget section */
		A2B6F0F72AF20A5100B48C66 /* Wavecatcher */ = {
			isa = PBXNativeTarget;
			buildConfigurationList = A2B6F11D2AF20A5200B48C66 /* Build configuration list for PBXNativeTarget "Wavecatcher" */;
			buildPhases = (
				A2B6F0F42AF20A5100B48C66 /* Sources */,
				A2B6F0F52AF20A5100B48C66 /* Frameworks */,
				A2B6F0F62AF20A5100B48C66 /* Resources */,
			);
			buildRules = (
			);
			dependencies = (
			);
			name = Wavecatcher;
			productName = Wavecatcher;
			productReference = A2B6F0F82AF20A5100B48C66 /* Wavecatcher.app */;
			productType = "com.apple.product-type.application";
		};
		A2B6F1082AF20A5200B48C66 /* WavecatcherTests */ = {
			isa = PBXNativeTarget;
			buildConfigurationList = A2B6F1202AF20A5200B48C66 /* Build configuration list for PBXNativeTarget "WavecatcherTests" */;
			buildPhases = (
				A2B6F1052AF20A5200B48C66 /* Sources */,
				A2B6F1062AF20A5200B48C66 /* Frameworks */,
				A2B6F1072AF20A5200B48C66 /* Resources */,
			);
			buildRules = (
			);
			dependencies = (
				A2B6F10B2AF20A5200B48C66 /* PBXTargetDependency */,
			);
			name = WavecatcherTests;
			productName = WavecatcherTests;
			productReference = A2B6F1092AF20A5200B48C66 /* WavecatcherTests.xctest */;
			productType = "com.apple.product-type.bundle.unit-test";
		};
		A2B6F1122AF20A5200B48C66 /* WavecatcherUITests */ = {
			isa = PBXNativeTarget;
			buildConfigurationList = A2B6F1232AF20A5200B48C66 /* Build configuration list for PBXNativeTarget "WavecatcherUITests" */;
			buildPhases = (
				A2B6F10F2AF20A5200B48C66 /* Sources */,
				A2B6F1102AF20A5200B48C66 /* Frameworks */,
				A2B6F1112AF20A5200B48C66 /* Resources */,
			);
			buildRules = (
			);
			dependencies = (
				A2B6F1152AF20A5200B48C66 /* PBXTargetDependency */,
			);
			name = WavecatcherUITests;
			productName = WavecatcherUITests;
			productReference = A2B6F1132AF20A5200B48C66 /* WavecatcherUITests.xctest */;
			productType = "com.apple.product-type.bundle.ui-testing";
		};
/* End PBXNativeTarget section */

/* Begin PBXProject section */
		A2B6F0F02AF20A5100B48C66 /* Project object */ = {
			isa = PBXProject;
			attributes = {
				BuildIndependentTargetsInParallel = 1;
				LastSwiftUpdateCheck = 1500;
				LastUpgradeCheck = 1500;
				TargetAttributes = {
					A2B6F0F72AF20A5100B48C66 = {
						CreatedOnToolsVersion = 15.0;
					};
					A2B6F1082AF20A5200B48C66 = {
						CreatedOnToolsVersion = 15.0;
						TestTargetID = A2B6F0F72AF20A5100B48C66;
					};
					A2B6F1122AF20A5200B48C66 = {
						CreatedOnToolsVersion = 15.0;
						TestTargetID = A2B6F0F72AF20A5100B48C66;
					};
				};
			};
			buildConfigurationList = A2B6F0F32AF20A5100B48C66 /* Build configuration list for PBXProject "Wavecatcher" */;
			compatibilityVersion = "Xcode 14.0";
			developmentRegion = en;
			hasScannedForEncodings = 0;
			knownRegions = (
				en,
				Base,
			);
			mainGroup = A2B6F0EF2AF20A5100B48C66;
			productRefGroup = A2B6F0F92AF20A5100B48C66 /* Products */;
			projectDirPath = "";
			projectRoot = "";
			targets = (
				A2B6F0F72AF20A5100B48C66 /* Wavecatcher */,
				A2B6F1082AF20A5200B48C66 /* WavecatcherTests */,
				A2B6F1122AF20A5200B48C66 /* WavecatcherUITests */,
			);
		};
/* End PBXProject section */

/* Begin PBXResourcesBuildPhase section */
		A2B6F0F62AF20A5100B48C66 /* Resources */ = {
			isa = PBXResourcesBuildPhase;
			buildActionMask = 2147483647;
			files = (
				A2B6F1002AF20A5200B48C66 /* Assets.xcassets in Resources */,
			);
			runOnlyForDeploymentPostprocessing = 0;
		};
		A2B6F1072AF20A5200B48C66 /* Resources */ = {
			isa = PBXResourcesBuildPhase;
			buildActionMask = 2147483647;
			files = (
			);
			runOnlyForDeploymentPostprocessing = 0;
		};
		A2B6F1112AF20A5200B48C66 /* Resources */ = {
			isa = PBXResourcesBuildPhase;
			buildActionMask = 2147483647;
			files = (
			);
			runOnlyForDeploymentPostprocessing = 0;
		};
/* End PBXResourcesBuildPhase section */

/* Begin PBXSourcesBuildPhase section */
		A2B6F0F42AF20A5100B48C66 /* Sources */ = {
			isa = PBXSourcesBuildPhase;
			buildActionMask = 2147483647;
			files = (
				A2B6F0FC2AF20A5100B48C66 /* WavecatcherApp.swift in Sources */,
			);
			runOnlyForDeploymentPostprocessing = 0;
		};
		A2B6F1052AF20A5200B48C66 /* Sources */ = {
			isa = PBXSourcesBuildPhase;
			buildActionMask = 2147483647;
			files = (
				A2B6F10E2AF20A5200B48C66 /* WavecatcherTests.swift in Sources */,
			);
			runOnlyForDeploymentPostprocessing = 0;
		};
		A2B6F10F2AF20A5200B48C66 /* Sources */ = {
			isa = PBXSourcesBuildPhase;
			buildActionMask = 2147483647;
			files = (
				A2B6F11A2AF20A5200B48C66 /* WavecatcherUITestsLaunchTests.swift in Sources */,
				A2B6F1182AF20A5200B48C66 /* WavecatcherUITests.swift in Sources */,
			);
			runOnlyForDeploymentPostprocessing = 0;
		};
/* End PBXSourcesBuildPhase section */

/* Begin PBXTargetDependency section */
		A2B6F10B2AF20A5200B48C66 /* PBXTargetDependency */ = {
			isa = PBXTargetDependency;
			target = A2B6F0F72AF20A5100B48C66 /* Wavecatcher */;
			targetProxy = A2B6F10A2AF20A5200B48C66 /* PBXContainerItemProxy */;
		};
		A2B6F1152AF20A5200B48C66 /* PBXTargetDependency */ = {
			isa = PBXTargetDependency;
			target = A2B6F0F72AF20A5100B48C66 /* Wavecatcher */;
			targetProxy = A2B6F1142AF20A5200B48C66 /* PBXContainerItemProxy */;
		};
/* End PBXTargetDependency section */

/* Begin XCBuildConfiguration section */
		A2B6F11B2AF20A5200B48C66 /* Debug */ = {
			isa = XCBuildConfiguration;
			buildSettings = {
				ALWAYS_SEARCH_USER_PATHS = NO;
				ASSETCATALOG_COMPILER_GENERATE_SWIFT_ASSET_SYMBOL_EXTENSIONS = YES;
				CLANG_ANALYZER_NONNULL = YES;
				CLANG_ANALYZER_NUMBER_OBJECT_CONVERSION = YES_AGGRESSIVE;
				CLANG_CXX_LANGUAGE_STANDARD = "gnu++20";
				CLANG_ENABLE_MODULES = YES;
				CLANG_ENABLE_OBJC_ARC = YES;
				CLANG_ENABLE_OBJC_WEAK = YES;
				CLANG_WARN_BLOCK_CAPTURE_AUTORELEASING = YES;
				CLANG_WARN_BOOL_CONVERSION = YES;
				CLANG_WARN_COMMA = YES;
				CLANG_WARN_CONSTANT_CONVERSION = YES;
				CLANG_WARN_DEPRECATED_OBJC_IMPLEMENTATIONS = YES;
				CLANG_WARN_DIRECT_OBJC_ISA_USAGE = YES_ERROR;
				CLANG_WARN_DOCUMENTATION_COMMENTS = YES;
				CLANG_WARN_EMPTY_BODY = YES;
				CLANG_WARN_ENUM_CONVERSION = YES;
				CLANG_WARN_INFINITE_RECURSION = YES;
				CLANG_WARN_INT_CONVERSION = YES;
				CLANG_WARN_NON_LITERAL_NULL_CONVERSION = YES;
				CLANG_WARN_OBJC_IMPLICIT_RETAIN_SELF = YES;
				CLANG_WARN_OBJC_LITERAL_CONVERSION = YES;
				CLANG_WARN_OBJC_ROOT_CLASS = YES_ERROR;
				CLANG_WARN_QUOTED_INCLUDE_IN_FRAMEWORK_HEADER = YES;
				CLANG_WARN_RANGE_LOOP_ANALYSIS = YES;
				CLANG_WARN_STRICT_PROTOTYPES = YES;
				CLANG_WARN_SUSPICIOUS_MOVE = YES;
				CLANG_WARN_UNGUARDED_AVAILABILITY = YES_AGGRESSIVE;
				CLANG_WARN_UNREACHABLE_CODE = YES;
				CLANG_WARN__DUPLICATE_METHOD_MATCH = YES;
				COPY_PHASE_STRIP = NO;
				DEBUG_INFORMATION_FORMAT = dwarf;
				ENABLE_STRICT_OBJC_MSGSEND = YES;
				ENABLE_TESTABILITY = YES;
				ENABLE_USER_SCRIPT_SANDBOXING = YES;
				GCC_C_LANGUAGE_STANDARD = gnu17;
				GCC_DYNAMIC_NO_PIC = NO;
				GCC_NO_COMMON_BLOCKS = YES;
				GCC_OPTIMIZATION_LEVEL = 0;
				GCC_PREPROCESSOR_DEFINITIONS = (
					"DEBUG=1",
					"$(inherited)",
				);
				GCC_WARN_64_TO_32_BIT_CONVERSION = YES;
				GCC_WARN_ABOUT_RETURN_TYPE = YES_ERROR;
				GCC_WARN_UNDECLARED_SELECTOR = YES;
				GCC_WARN_UNINITIALIZED_AUTOS = YES_AGGRESSIVE;
				GCC_WARN_UNUSED_FUNCTION = YES;
				GCC_WARN_UNUSED_VARIABLE = YES;
				LOCALIZATION_PREFERS_STRING_CATALOGS = YES;
				MTL_ENABLE_DEBUG_INFO = INCLUDE_SOURCE;
				MTL_FAST_MATH = YES;
				ONLY_ACTIVE_ARCH = YES;
				SWIFT_ACTIVE_COMPILATION_CONDITIONS = "DEBUG $(inherited)";
				SWIFT_OPTIMIZATION_LEVEL = "-Onone";
			};
			name = Debug;
		};
		A2B6F11C2AF20A5200B48C66 /* Release */ = {
			isa = XCBuildConfiguration;
			buildSettings = {
				ALWAYS_SEARCH_USER_PATHS = NO;
				ASSETCATALOG_COMPILER_GENERATE_SWIFT_ASSET_SYMBOL_EXTENSIONS = YES;
				CLANG_ANALYZER_NONNULL = YES;
				CLANG_ANALYZER_NUMBER_OBJECT_CONVERSION = YES_AGGRESSIVE;
				CLANG_CXX_LANGUAGE_STANDARD = "gnu++20";
				CLANG_ENABLE_MODULES = YES;
				CLANG_ENABLE_OBJC_ARC = YES;
				CLANG_ENABLE_OBJC_WEAK = YES;
				CLANG_WARN_BLOCK_CAPTURE_AUTORELEASING = YES;
				CLANG_WARN_BOOL_CONVERSION = YES;
				CLANG_WARN_COMMA = YES;
				CLANG_WARN_CONSTANT_CONVERSION = YES;
				CLANG_WARN_DEPRECATED_OBJC_IMPLEMENTATIONS = YES;
				CLANG_WARN_DIRECT_OBJC_ISA_USAGE = YES_ERROR;
				CLANG_WARN_DOCUMENTATION_COMMENTS = YES;
				CLANG_WARN_EMPTY_BODY = YES;
				CLANG_WARN_ENUM_CONVERSION = YES;
				CLANG_WARN_INFINITE_RECURSION = YES;
				CLANG_WARN_INT_CONVERSION = YES;
				CLANG_WARN_NON_LITERAL_NULL_CONVERSION = YES;
				CLANG_WARN_OBJC_IMPLICIT_RETAIN_SELF = YES;
				CLANG_WARN_OBJC_LITERAL_CONVERSION = YES;
				CLANG_WARN_OBJC_ROOT_CLASS = YES_ERROR;
				CLANG_WARN_QUOTED_INCLUDE_IN_FRAMEWORK_HEADER = YES;
				CLANG_WARN_RANGE_LOOP_ANALYSIS = YES;
				CLANG_WARN_STRICT_PROTOTYPES = YES;
				CLANG_WARN_SUSPICIOUS_MOVE = YES;
				CLANG_WARN_UNGUARDED_AVAILABILITY = YES_AGGRESSIVE;
				CLANG_WARN_UNREACHABLE_CODE = YES;
				CLANG_WARN__DUPLICATE_METHOD_MATCH = YES;
				COPY_PHASE_STRIP = NO;
				DEBUG_INFORMATION_FORMAT = "dwarf-with-dsym";
				ENABLE_NS_ASSERTIONS = NO;
				ENABLE_STRICT_OBJC_MSGSEND = YES;
				ENABLE_USER_SCRIPT_SANDBOXING = YES;
				GCC_C_LANGUAGE_STANDARD = gnu17;
				GCC_NO_COMMON_BLOCKS = YES;
				GCC_WARN_64_TO_32_BIT_CONVERSION = YES;
				GCC_WARN_ABOUT_RETURN_TYPE = YES_ERROR;
				GCC_WARN_UNDECLARED_SELECTOR = YES;
				GCC_WARN_UNINITIALIZED_AUTOS = YES_AGGRESSIVE;
				GCC_WARN_UNUSED_FUNCTION = YES;
				GCC_WARN_UNUSED_VARIABLE = YES;
				LOCALIZATION_PREFERS_STRING_CATALOGS = YES;
				MTL_ENABLE_DEBUG_INFO = NO;
				MTL_FAST_MATH = YES;
				SWIFT_COMPILATION_MODE = wholemodule;
			};
			name = Release;
		};
		A2B6F11E2AF20A5200B48C66 /* Debug */ = {
			isa = XCBuildConfiguration;
			buildSettings = {
				ASSETCATALOG_COMPILER_APPICON_NAME = AppIcon;
				ASSETCATALOG_COMPILER_GLOBAL_ACCENT_COLOR_NAME = AccentColor;
				CODE_SIGN_ENTITLEMENTS = Wavecatcher/Wavecatcher.entitlements;
				CODE_SIGN_STYLE = Automatic;
				CURRENT_PROJECT_VERSION = 1;
				ENABLE_PREVIEWS = YES;
				GENERATE_INFOPLIST_FILE = YES;
				"INFOPLIST_KEY_UIApplicationSceneManifest_Generation[sdk=iphoneos*]" = YES;
				"INFOPLIST_KEY_UIApplicationSceneManifest_Generation[sdk=iphonesimulator*]" = YES;
				"INFOPLIST_KEY_UIApplicationSupportsIndirectInputEvents[sdk=iphoneos*]" = YES;
				"INFOPLIST_KEY_UIApplicationSupportsIndirectInputEvents[sdk=iphonesimulator*]" = YES;
				"INFOPLIST_KEY_UILaunchScreen_Generation[sdk=iphoneos*]" = YES;
				"INFOPLIST_KEY_UILaunchScreen_Generation[sdk=iphonesimulator*]" = YES;
				"INFOPLIST_KEY_UIStatusBarStyle[sdk=iphoneos*]" = UIStatusBarStyleDefault;
				"INFOPLIST_KEY_UIStatusBarStyle[sdk=iphonesimulator*]" = UIStatusBarStyleDefault;
				INFOPLIST_KEY_UISupportedInterfaceOrientations_iPad = "UIInterfaceOrientationPortrait UIInterfaceOrientationPortraitUpsideDown UIInterfaceOrientationLandscapeLeft UIInterfaceOrientationLandscapeRight";
				INFOPLIST_KEY_UISupportedInterfaceOrientations_iPhone = "UIInterfaceOrientationPortrait UIInterfaceOrientationLandscapeLeft UIInterfaceOrientationLandscapeRight";
				IPHONEOS_DEPLOYMENT_TARGET = 17.0;
				LD_RUNPATH_SEARCH_PATHS = "@executable_path/Frameworks";
				"LD_RUNPATH_SEARCH_PATHS[sdk=macosx*]" = "@executable_path/../Frameworks";
				MACOSX_DEPLOYMENT_TARGET = 13.5;
				MARKETING_VERSION = 1.0;
				PRODUCT_BUNDLE_IDENTIFIER = com.ifau.Wavecatcher;
				PRODUCT_NAME = "$(TARGET_NAME)";
				SDKROOT = auto;
				SUPPORTED_PLATFORMS = "iphoneos iphonesimulator macosx";
				SWIFT_EMIT_LOC_STRINGS = YES;
				SWIFT_VERSION = 5.0;
				TARGETED_DEVICE_FAMILY = "1,2";
			};
			name = Debug;
		};
		A2B6F11F2AF20A5200B48C66 /* Release */ = {
			isa = XCBuildConfiguration;
			buildSettings = {
				ASSETCATALOG_COMPILER_APPICON_NAME = AppIcon;
				ASSETCATALOG_COMPILER_GLOBAL_ACCENT_COLOR_NAME = AccentColor;
				CODE_SIGN_ENTITLEMENTS = Wavecatcher/Wavecatcher.entitlements;
				CODE_SIGN_STYLE = Automatic;
				CURRENT_PROJECT_VERSION = 1;
				ENABLE_PREVIEWS = YES;
				GENERATE_INFOPLIST_FILE = YES;
				"INFOPLIST_KEY_UIApplicationSceneManifest_Generation[sdk=iphoneos*]" = YES;
				"INFOPLIST_KEY_UIApplicationSceneManifest_Generation[sdk=iphonesimulator*]" = YES;
				"INFOPLIST_KEY_UIApplicationSupportsIndirectInputEvents[sdk=iphoneos*]" = YES;
				"INFOPLIST_KEY_UIApplicationSupportsIndirectInputEvents[sdk=iphonesimulator*]" = YES;
				"INFOPLIST_KEY_UILaunchScreen_Generation[sdk=iphoneos*]" = YES;
				"INFOPLIST_KEY_UILaunchScreen_Generation[sdk=iphonesimulator*]" = YES;
				"INFOPLIST_KEY_UIStatusBarStyle[sdk=iphoneos*]" = UIStatusBarStyleDefault;
				"INFOPLIST_KEY_UIStatusBarStyle[sdk=iphonesimulator*]" = UIStatusBarStyleDefault;
				INFOPLIST_KEY_UISupportedInterfaceOrientations_iPad = "UIInterfaceOrientationPortrait UIInterfaceOrientationPortraitUpsideDown UIInterfaceOrientationLandscapeLeft UIInterfaceOrientationLandscapeRight";
				INFOPLIST_KEY_UISupportedInterfaceOrientations_iPhone = "UIInterfaceOrientationPortrait UIInterfaceOrientationLandscapeLeft UIInterfaceOrientationLandscapeRight";
				IPHONEOS_DEPLOYMENT_TARGET = 17.0;
				LD_RUNPATH_SEARCH_PATHS = "@executable_path/Frameworks";
				"LD_RUNPATH_SEARCH_PATHS[sdk=macosx*]" = "@executable_path/../Frameworks";
				MACOSX_DEPLOYMENT_TARGET = 13.5;
				MARKETING_VERSION = 1.0;
				PRODUCT_BUNDLE_IDENTIFIER = com.ifau.Wavecatcher;
				PRODUCT_NAME = "$(TARGET_NAME)";
				SDKROOT = auto;
				SUPPORTED_PLATFORMS = "iphoneos iphonesimulator macosx";
				SWIFT_EMIT_LOC_STRINGS = YES;
				SWIFT_VERSION = 5.0;
				TARGETED_DEVICE_FAMILY = "1,2";
			};
			name = Release;
		};
		A2B6F1212AF20A5200B48C66 /* Debug */ = {
			isa = XCBuildConfiguration;
			buildSettings = {
				ALWAYS_EMBED_SWIFT_STANDARD_LIBRARIES = YES;
				BUNDLE_LOADER = "$(TEST_HOST)";
				CODE_SIGN_STYLE = Automatic;
				CURRENT_PROJECT_VERSION = 1;
				GENERATE_INFOPLIST_FILE = YES;
				IPHONEOS_DEPLOYMENT_TARGET = 17.0;
				MACOSX_DEPLOYMENT_TARGET = 13.5;
				MARKETING_VERSION = 1.0;
				PRODUCT_BUNDLE_IDENTIFIER = com.ifau.WavecatcherTests;
				PRODUCT_NAME = "$(TARGET_NAME)";
				SDKROOT = auto;
				SUPPORTED_PLATFORMS = "iphoneos iphonesimulator macosx";
				SWIFT_EMIT_LOC_STRINGS = NO;
				SWIFT_VERSION = 5.0;
				TARGETED_DEVICE_FAMILY = "1,2";
				TEST_HOST = "$(BUILT_PRODUCTS_DIR)/Wavecatcher.app/$(BUNDLE_EXECUTABLE_FOLDER_PATH)/Wavecatcher";
			};
			name = Debug;
		};
		A2B6F1222AF20A5200B48C66 /* Release */ = {
			isa = XCBuildConfiguration;
			buildSettings = {
				ALWAYS_EMBED_SWIFT_STANDARD_LIBRARIES = YES;
				BUNDLE_LOADER = "$(TEST_HOST)";
				CODE_SIGN_STYLE = Automatic;
				CURRENT_PROJECT_VERSION = 1;
				GENERATE_INFOPLIST_FILE = YES;
				IPHONEOS_DEPLOYMENT_TARGET = 17.0;
				MACOSX_DEPLOYMENT_TARGET = 13.5;
				MARKETING_VERSION = 1.0;
				PRODUCT_BUNDLE_IDENTIFIER = com.ifau.WavecatcherTests;
				PRODUCT_NAME = "$(TARGET_NAME)";
				SDKROOT = auto;
				SUPPORTED_PLATFORMS = "iphoneos iphonesimulator macosx";
				SWIFT_EMIT_LOC_STRINGS = NO;
				SWIFT_VERSION = 5.0;
				TARGETED_DEVICE_FAMILY = "1,2";
				TEST_HOST = "$(BUILT_PRODUCTS_DIR)/Wavecatcher.app/$(BUNDLE_EXECUTABLE_FOLDER_PATH)/Wavecatcher";
			};
			name = Release;
		};
		A2B6F1242AF20A5200B48C66 /* Debug */ = {
			isa = XCBuildConfiguration;
			buildSettings = {
				ALWAYS_EMBED_SWIFT_STANDARD_LIBRARIES = YES;
				CODE_SIGN_STYLE = Automatic;
				CURRENT_PROJECT_VERSION = 1;
				GENERATE_INFOPLIST_FILE = YES;
				IPHONEOS_DEPLOYMENT_TARGET = 17.0;
				MACOSX_DEPLOYMENT_TARGET = 13.5;
				MARKETING_VERSION = 1.0;
				PRODUCT_BUNDLE_IDENTIFIER = com.ifau.WavecatcherUITests;
				PRODUCT_NAME = "$(TARGET_NAME)";
				SDKROOT = auto;
				SUPPORTED_PLATFORMS = "iphoneos iphonesimulator macosx";
				SWIFT_EMIT_LOC_STRINGS = NO;
				SWIFT_VERSION = 5.0;
				TARGETED_DEVICE_FAMILY = "1,2";
				TEST_TARGET_NAME = Wavecatcher;
			};
			name = Debug;
		};
		A2B6F1252AF20A5200B48C66 /* Release */ = {
			isa = XCBuildConfiguration;
			buildSettings = {
				ALWAYS_EMBED_SWIFT_STANDARD_LIBRARIES = YES;
				CODE_SIGN_STYLE = Automatic;
				CURRENT_PROJECT_VERSION = 1;
				GENERATE_INFOPLIST_FILE = YES;
				IPHONEOS_DEPLOYMENT_TARGET = 17.0;
				MACOSX_DEPLOYMENT_TARGET = 13.5;
				MARKETING_VERSION = 1.0;
				PRODUCT_BUNDLE_IDENTIFIER = com.ifau.WavecatcherUITests;
				PRODUCT_NAME = "$(TARGET_NAME)";
				SDKROOT = auto;
				SUPPORTED_PLATFORMS = "iphoneos iphonesimulator macosx";
				SWIFT_EMIT_LOC_STRINGS = NO;
				SWIFT_VERSION = 5.0;
				TARGETED_DEVICE_FAMILY = "1,2";
				TEST_TARGET_NAME = Wavecatcher;
			};
			name = Release;
		};
/* End XCBuildConfiguration section */

/* Begin XCConfigurationList section */
		A2B6F0F32AF20A5100B48C66 /* Build configuration list for PBXProject "Wavecatcher" */ = {
			isa = XCConfigurationList;
			buildConfigurations = (
				A2B6F11B2AF20A5200B48C66 /* Debug */,
				A2B6F11C2AF20A5200B48C66 /* Release */,
			);
			defaultConfigurationIsVisible = 0;
			defaultConfigurationName = Release;
		};
		A2B6F11D2AF20A5200B48C66 /* Build configuration list for PBXNativeTarget "Wavecatcher" */ = {
			isa = XCConfigurationList;
			buildConfigurations = (
				A2B6F11E2AF20A5200B48C66 /* Debug */,
				A2B6F11F2AF20A5200B48C66 /* Release */,
			);
			defaultConfigurationIsVisible = 0;
			defaultConfigurationName = Release;
		};
		A2B6F1202AF20A5200B48C66 /* Build configuration list for PBXNativeTarget "WavecatcherTests" */ = {
			isa = XCConfigurationList;
			buildConfigurations = (
				A2B6F1212AF20A5200B48C66 /* Debug */,
				A2B6F1222AF20A5200B48C66 /* Release */,
			);
			defaultConfigurationIsVisible = 0;
			defaultConfigurationName = Release;
		};
		A2B6F1232AF20A5200B48C66 /* Build configuration list for PBXNativeTarget "WavecatcherUITests" */ = {
			isa = XCConfigurationList;
			buildConfigurations = (
				A2B6F1242AF20A5200B48C66 /* Debug */,
				A2B6F1252AF20A5200B48C66 /* Release */,
			);
			defaultConfigurationIsVisible = 0;
			defaultConfigurationName = Release;
		};
/* End XCConfigurationList section */
	};
	rootObject = A2B6F0F02AF20A5100B48C66 /* Project object */;
}
