// !$*UTF8*$!
{
	archiveVersion = 1;
	classes = {
	};
	objectVersion = 56;
	objects = {

/* Begin PBXBuildFile section */
		A2018FA02AF9FD6900089C29 /* View+roundedCorners.swift in Sources */ = {isa = PBXBuildFile; fileRef = A2018F9F2AF9FD6900089C29 /* View+roundedCorners.swift */; };
		A2018FA32AF9FF9100089C29 /* WeatherData+Extract.swift in Sources */ = {isa = PBXBuildFile; fileRef = A2018FA22AF9FF9100089C29 /* WeatherData+Extract.swift */; };
		A2018FA52AFA006B00089C29 /* WeatherDataTests.swift in Sources */ = {isa = PBXBuildFile; fileRef = A2018FA42AFA006B00089C29 /* WeatherDataTests.swift */; };
		A20BA4DA2AFCC6C40013C317 /* LocationsListFeatureTests.swift in Sources */ = {isa = PBXBuildFile; fileRef = A20BA4D92AFCC6C40013C317 /* LocationsListFeatureTests.swift */; };
		A20DF9042AFF2B2F00B6C549 /* AddLocationFeature.swift in Sources */ = {isa = PBXBuildFile; fileRef = A20DF9032AFF2B2F00B6C549 /* AddLocationFeature.swift */; };
		A214851B2AFC987400DF719F /* LocationsListView.swift in Sources */ = {isa = PBXBuildFile; fileRef = A214851A2AFC987400DF719F /* LocationsListView.swift */; };
		A214851D2AFC988900DF719F /* LocationsListFeature.swift in Sources */ = {isa = PBXBuildFile; fileRef = A214851C2AFC988900DF719F /* LocationsListFeature.swift */; };
		A21F4BB52B184F7600D36500 /* AppView.swift in Sources */ = {isa = PBXBuildFile; fileRef = A21F4BB42B184F7600D36500 /* AppView.swift */; };
		A21F4BB72B18526F00D36500 /* AppFeature.swift in Sources */ = {isa = PBXBuildFile; fileRef = A21F4BB62B18526F00D36500 /* AppFeature.swift */; };
		A21FF6AC2B0B4EF2005B7F26 /* WidgetKit.framework in Frameworks */ = {isa = PBXBuildFile; fileRef = A21FF6AB2B0B4EF2005B7F26 /* WidgetKit.framework */; };
		A21FF6AE2B0B4EF2005B7F26 /* SwiftUI.framework in Frameworks */ = {isa = PBXBuildFile; fileRef = A21FF6AD2B0B4EF2005B7F26 /* SwiftUI.framework */; };
		A21FF6B12B0B4EF2005B7F26 /* WidgetsBundle.swift in Sources */ = {isa = PBXBuildFile; fileRef = A21FF6B02B0B4EF2005B7F26 /* WidgetsBundle.swift */; };
		A21FF6B72B0B4EF3005B7F26 /* Assets.xcassets in Resources */ = {isa = PBXBuildFile; fileRef = A21FF6B62B0B4EF3005B7F26 /* Assets.xcassets */; };
		A21FF6BC2B0B4EF3005B7F26 /* WidgetsExtension.appex in Embed Foundation Extensions */ = {isa = PBXBuildFile; fileRef = A21FF6A92B0B4EF2005B7F26 /* WidgetsExtension.appex */; settings = {ATTRIBUTES = (RemoveHeadersOnCopy, ); }; };
		A21FF6C12B0B5AB7005B7F26 /* LocalStorage.swift in Sources */ = {isa = PBXBuildFile; fileRef = A27A2AFB2AF7522B00C56FA9 /* LocalStorage.swift */; };
		A21FF6C22B0B5AC3005B7F26 /* CoreDataStorage.swift in Sources */ = {isa = PBXBuildFile; fileRef = A27A2AFD2AF7545900C56FA9 /* CoreDataStorage.swift */; };
		A21FF6C32B0B5ACA005B7F26 /* Location.swift in Sources */ = {isa = PBXBuildFile; fileRef = A2B6F12B2AF2142B00B48C66 /* Location.swift */; };
		A21FF6C42B0B5ACD005B7F26 /* SavedLocation.swift in Sources */ = {isa = PBXBuildFile; fileRef = A2CD15092AF8A05B001AEDE5 /* SavedLocation.swift */; };
		A21FF6C52B0B5B6A005B7F26 /* WeatherData.swift in Sources */ = {isa = PBXBuildFile; fileRef = A2B6F12E2AF21C3600B48C66 /* WeatherData.swift */; };
		A21FF6C62B0B5B70005B7F26 /* BackgroundVariant.swift in Sources */ = {isa = PBXBuildFile; fileRef = A26356A52B034C8A008DC7E6 /* BackgroundVariant.swift */; };
		A21FF6C82B0B632C005B7F26 /* URL.swift in Sources */ = {isa = PBXBuildFile; fileRef = A21FF6C72B0B632C005B7F26 /* URL.swift */; };
		A21FF6C92B0B632C005B7F26 /* URL.swift in Sources */ = {isa = PBXBuildFile; fileRef = A21FF6C72B0B632C005B7F26 /* URL.swift */; };
		A21FF6CB2B0B63E7005B7F26 /* ComposableArchitecture in Frameworks */ = {isa = PBXBuildFile; productRef = A21FF6CA2B0B63E7005B7F26 /* ComposableArchitecture */; };
		A2218FAF2B00BCCC000BA838 /* HourlyForecastView.swift in Sources */ = {isa = PBXBuildFile; fileRef = A2218FAE2B00BCCC000BA838 /* HourlyForecastView.swift */; };
		A2218FB22B00CDED000BA838 /* OpenMeteoClient.swift in Sources */ = {isa = PBXBuildFile; fileRef = A2218FB12B00CDED000BA838 /* OpenMeteoClient.swift */; };
		A2218FB42B00D155000BA838 /* OpenMeteoClient+MarineResponse.swift in Sources */ = {isa = PBXBuildFile; fileRef = A2218FB32B00D155000BA838 /* OpenMeteoClient+MarineResponse.swift */; };
		A2218FB62B00D3C3000BA838 /* OpenMeteoClient+ForecastResponse.swift in Sources */ = {isa = PBXBuildFile; fileRef = A2218FB52B00D3C3000BA838 /* OpenMeteoClient+ForecastResponse.swift */; };
		A2218FB82B00DEAE000BA838 /* Collection.swift in Sources */ = {isa = PBXBuildFile; fileRef = A2218FB72B00DEAE000BA838 /* Collection.swift */; };
		A2236A4D2AFA5261002AA8C6 /* FormatStyle.swift in Sources */ = {isa = PBXBuildFile; fileRef = A2236A4C2AFA5261002AA8C6 /* FormatStyle.swift */; };
		A2243BDC2AFE40620072EE8C /* AddLocationView.swift in Sources */ = {isa = PBXBuildFile; fileRef = A2243BDB2AFE40620072EE8C /* AddLocationView.swift */; };
		A23EACF92B173EDE00752AAC /* OnboardingView.swift in Sources */ = {isa = PBXBuildFile; fileRef = A23EACF82B173EDE00752AAC /* OnboardingView.swift */; };
		A23EACFB2B175A1300752AAC /* OnboardingFeature.swift in Sources */ = {isa = PBXBuildFile; fileRef = A23EACFA2B175A1300752AAC /* OnboardingFeature.swift */; };
		A240F02E2BE682F9009BB2CC /* OpenMeteoClient+ErrorResponse.swift in Sources */ = {isa = PBXBuildFile; fileRef = A240F02D2BE682F9009BB2CC /* OpenMeteoClient+ErrorResponse.swift */; };
		A240F0302BE6862C009BB2CC /* AppError.swift in Sources */ = {isa = PBXBuildFile; fileRef = A240F02F2BE6862C009BB2CC /* AppError.swift */; };
		A240F0312BE68745009BB2CC /* OpenMeteoClient+ErrorResponse.swift in Sources */ = {isa = PBXBuildFile; fileRef = A240F02D2BE682F9009BB2CC /* OpenMeteoClient+ErrorResponse.swift */; };
		A240F0322BE68755009BB2CC /* AppError.swift in Sources */ = {isa = PBXBuildFile; fileRef = A240F02F2BE6862C009BB2CC /* AppError.swift */; };
		A245FB772B0C6EEE00E2C614 /* Color.swift in Sources */ = {isa = PBXBuildFile; fileRef = A26356AA2B036843008DC7E6 /* Color.swift */; };
		A245FB792B0C6F2400E2C614 /* Tagged in Frameworks */ = {isa = PBXBuildFile; productRef = A245FB782B0C6F2400E2C614 /* Tagged */; };
		A245FB7C2B0C940500E2C614 /* WidgetsConfiguration.swift in Sources */ = {isa = PBXBuildFile; fileRef = A245FB7B2B0C940500E2C614 /* WidgetsConfiguration.swift */; };
		A245FB7E2B0C946B00E2C614 /* WidgetsDataProvider.swift in Sources */ = {isa = PBXBuildFile; fileRef = A245FB7D2B0C946B00E2C614 /* WidgetsDataProvider.swift */; };
		A245FB802B0C967E00E2C614 /* TodayForecastWidget.swift in Sources */ = {isa = PBXBuildFile; fileRef = A245FB7F2B0C967E00E2C614 /* TodayForecastWidget.swift */; };
		A24CE81A2AF921A0002DA3A6 /* LocationForecastSectionView.swift in Sources */ = {isa = PBXBuildFile; fileRef = A24CE8192AF921A0002DA3A6 /* LocationForecastSectionView.swift */; };
		A254D2C62B11AE1700DC0E25 /* WeatherDataProvider.swift in Sources */ = {isa = PBXBuildFile; fileRef = A27FDD342AF79CC6000C60D1 /* WeatherDataProvider.swift */; };
		A254D2C72B11B2D100DC0E25 /* OpenMeteoClient.swift in Sources */ = {isa = PBXBuildFile; fileRef = A2218FB12B00CDED000BA838 /* OpenMeteoClient.swift */; };
		A254D2C82B11B2D400DC0E25 /* OpenMeteoClient+MarineResponse.swift in Sources */ = {isa = PBXBuildFile; fileRef = A2218FB32B00D155000BA838 /* OpenMeteoClient+MarineResponse.swift */; };
		A254D2C92B11B2D600DC0E25 /* OpenMeteoClient+ForecastResponse.swift in Sources */ = {isa = PBXBuildFile; fileRef = A2218FB52B00D3C3000BA838 /* OpenMeteoClient+ForecastResponse.swift */; };
		A254D2CB2B11B32200DC0E25 /* Collection.swift in Sources */ = {isa = PBXBuildFile; fileRef = A2218FB72B00DEAE000BA838 /* Collection.swift */; };
		A260AEA82B03443C00BEA778 /* SettingsFeatureTests.swift in Sources */ = {isa = PBXBuildFile; fileRef = A260AEA72B03443C00BEA778 /* SettingsFeatureTests.swift */; };
		A26356A62B034C8A008DC7E6 /* BackgroundVariant.swift in Sources */ = {isa = PBXBuildFile; fileRef = A26356A52B034C8A008DC7E6 /* BackgroundVariant.swift */; };
		A26356A92B035EFA008DC7E6 /* LocationSettingsView.swift in Sources */ = {isa = PBXBuildFile; fileRef = A26356A82B035EFA008DC7E6 /* LocationSettingsView.swift */; };
		A26356AB2B036843008DC7E6 /* Color.swift in Sources */ = {isa = PBXBuildFile; fileRef = A26356AA2B036843008DC7E6 /* Color.swift */; };
		A26356AD2B03699C008DC7E6 /* LocationSettingsFeature.swift in Sources */ = {isa = PBXBuildFile; fileRef = A26356AC2B03699C008DC7E6 /* LocationSettingsFeature.swift */; };
		A26356AF2B036B86008DC7E6 /* AuroraBackgroundView.swift in Sources */ = {isa = PBXBuildFile; fileRef = A26356AE2B036B86008DC7E6 /* AuroraBackgroundView.swift */; };
		A26B2B512AFF7BB500BE60EF /* LocationsProvider.swift in Sources */ = {isa = PBXBuildFile; fileRef = A26B2B502AFF7BB500BE60EF /* LocationsProvider.swift */; };
		A26B2B532AFF894700BE60EF /* AddLocationFeatureTests.swift in Sources */ = {isa = PBXBuildFile; fileRef = A26B2B522AFF894700BE60EF /* AddLocationFeatureTests.swift */; };
		A2770C0B2AF350CC00EFFA22 /* TideForecastView.swift in Sources */ = {isa = PBXBuildFile; fileRef = A2770C0A2AF350CC00EFFA22 /* TideForecastView.swift */; };
		A27A2AF12AF7420F00C56FA9 /* WindForecastView.swift in Sources */ = {isa = PBXBuildFile; fileRef = A27A2AF02AF7420F00C56FA9 /* WindForecastView.swift */; };
		A27A2AF32AF7448700C56FA9 /* LocationForecastFeature.swift in Sources */ = {isa = PBXBuildFile; fileRef = A27A2AF22AF7448700C56FA9 /* LocationForecastFeature.swift */; };
		A27A2AF62AF745D000C56FA9 /* LocationForecastFeatureTests.swift in Sources */ = {isa = PBXBuildFile; fileRef = A27A2AF52AF745D000C56FA9 /* LocationForecastFeatureTests.swift */; };
		A27A2AF92AF74D1500C56FA9 /* Error.swift in Sources */ = {isa = PBXBuildFile; fileRef = A27A2AF82AF74D1500C56FA9 /* Error.swift */; };
		A27A2AFC2AF7522B00C56FA9 /* LocalStorage.swift in Sources */ = {isa = PBXBuildFile; fileRef = A27A2AFB2AF7522B00C56FA9 /* LocalStorage.swift */; };
		A27A2AFE2AF7545900C56FA9 /* CoreDataStorage.swift in Sources */ = {isa = PBXBuildFile; fileRef = A27A2AFD2AF7545900C56FA9 /* CoreDataStorage.swift */; };
		A27FDD332AF78666000C60D1 /* CoreDataStorageTests.swift in Sources */ = {isa = PBXBuildFile; fileRef = A27FDD322AF78666000C60D1 /* CoreDataStorageTests.swift */; };
		A27FDD352AF79CC6000C60D1 /* WeatherDataProvider.swift in Sources */ = {isa = PBXBuildFile; fileRef = A27FDD342AF79CC6000C60D1 /* WeatherDataProvider.swift */; };
		A28080FE2B135BCD007942E1 /* Localizable.xcstrings in Resources */ = {isa = PBXBuildFile; fileRef = A28080FD2B135BCD007942E1 /* Localizable.xcstrings */; };
		A28CC5442B048098005D829B /* PhotosAssetsLoader.swift in Sources */ = {isa = PBXBuildFile; fileRef = A28CC5432B048098005D829B /* PhotosAssetsLoader.swift */; };
		A28CC5492B049E42005D829B /* VideoPlayerView.swift in Sources */ = {isa = PBXBuildFile; fileRef = A28CC5482B049E42005D829B /* VideoPlayerView.swift */; };
		A2A336E72AFC74EF00518A2D /* FormatStyleTests.swift in Sources */ = {isa = PBXBuildFile; fileRef = A2A336E62AFC74EF00518A2D /* FormatStyleTests.swift */; };
		A2A336E92AFC89B000518A2D /* PositionObservingView.swift in Sources */ = {isa = PBXBuildFile; fileRef = A2A336E82AFC89B000518A2D /* PositionObservingView.swift */; };
		A2A336EB2AFC8AAF00518A2D /* OffsetObservingScrollView.swift in Sources */ = {isa = PBXBuildFile; fileRef = A2A336EA2AFC8AAF00518A2D /* OffsetObservingScrollView.swift */; };
		A2ABEC3F2B4D37BA0012F5CF /* SurflineClient.swift in Sources */ = {isa = PBXBuildFile; fileRef = A2ABEC3E2B4D37BA0012F5CF /* SurflineClient.swift */; };
		A2ABEC412B4D38E30012F5CF /* SurflineClient+GetSpotId.swift in Sources */ = {isa = PBXBuildFile; fileRef = A2ABEC402B4D38E30012F5CF /* SurflineClient+GetSpotId.swift */; };
		A2ABEC422B4D3C2B0012F5CF /* SurflineClient.swift in Sources */ = {isa = PBXBuildFile; fileRef = A2ABEC3E2B4D37BA0012F5CF /* SurflineClient.swift */; };
		A2ABEC432B4D3C2E0012F5CF /* SurflineClient+GetSpotId.swift in Sources */ = {isa = PBXBuildFile; fileRef = A2ABEC402B4D38E30012F5CF /* SurflineClient+GetSpotId.swift */; };
		A2AE05BD2B062D2300C3DC40 /* LocationSettingsFeatureTests.swift in Sources */ = {isa = PBXBuildFile; fileRef = A2AE05BC2B062D2300C3DC40 /* LocationSettingsFeatureTests.swift */; };
		A2B6D7FE2B0E050A0057A831 /* WeatherData+Extract.swift in Sources */ = {isa = PBXBuildFile; fileRef = A2018FA22AF9FF9100089C29 /* WeatherData+Extract.swift */; };
		A2B6D8002B0E26E50057A831 /* FormatStyle.swift in Sources */ = {isa = PBXBuildFile; fileRef = A2236A4C2AFA5261002AA8C6 /* FormatStyle.swift */; };
		A2B6F0FC2AF20A5100B48C66 /* WavecatcherApp.swift in Sources */ = {isa = PBXBuildFile; fileRef = A2B6F0FB2AF20A5100B48C66 /* WavecatcherApp.swift */; };
		A2B6F1002AF20A5200B48C66 /* Assets.xcassets in Resources */ = {isa = PBXBuildFile; fileRef = A2B6F0FF2AF20A5200B48C66 /* Assets.xcassets */; };
		A2B6F1182AF20A5200B48C66 /* WavecatcherUITests.swift in Sources */ = {isa = PBXBuildFile; fileRef = A2B6F1172AF20A5200B48C66 /* WavecatcherUITests.swift */; };
		A2B6F11A2AF20A5200B48C66 /* WavecatcherUITestsLaunchTests.swift in Sources */ = {isa = PBXBuildFile; fileRef = A2B6F1192AF20A5200B48C66 /* WavecatcherUITestsLaunchTests.swift */; };
		A2B6F1292AF2107600B48C66 /* ComposableArchitecture in Frameworks */ = {isa = PBXBuildFile; productRef = A2B6F1282AF2107600B48C66 /* ComposableArchitecture */; };
		A2B6F12C2AF2142B00B48C66 /* Location.swift in Sources */ = {isa = PBXBuildFile; fileRef = A2B6F12B2AF2142B00B48C66 /* Location.swift */; };
		A2B6F12F2AF21C3600B48C66 /* WeatherData.swift in Sources */ = {isa = PBXBuildFile; fileRef = A2B6F12E2AF21C3600B48C66 /* WeatherData.swift */; };
		A2B6F1322AF21D2800B48C66 /* Tagged in Frameworks */ = {isa = PBXBuildFile; productRef = A2B6F1312AF21D2800B48C66 /* Tagged */; };
		A2B6F1352AF2332A00B48C66 /* LocationForecastView.swift in Sources */ = {isa = PBXBuildFile; fileRef = A2B6F1342AF2332A00B48C66 /* LocationForecastView.swift */; };
		A2C198292B35B01300A7293F /* OnboardingFeatureTests.swift in Sources */ = {isa = PBXBuildFile; fileRef = A2C198282B35B01300A7293F /* OnboardingFeatureTests.swift */; };
		A2C1982C2B36CAD900A7293F /* AppFeatureTests.swift in Sources */ = {isa = PBXBuildFile; fileRef = A2C1982B2B36CAD900A7293F /* AppFeatureTests.swift */; };
		A2C22DB22B032781005A8F70 /* SettingsView.swift in Sources */ = {isa = PBXBuildFile; fileRef = A2C22DB12B032781005A8F70 /* SettingsView.swift */; };
		A2C22DB42B032799005A8F70 /* SettingsFeature.swift in Sources */ = {isa = PBXBuildFile; fileRef = A2C22DB32B032799005A8F70 /* SettingsFeature.swift */; };
		A2CD150A2AF8A05B001AEDE5 /* SavedLocation.swift in Sources */ = {isa = PBXBuildFile; fileRef = A2CD15092AF8A05B001AEDE5 /* SavedLocation.swift */; };
		A2E36D422B73CB2300400A56 /* DirectionIndicatorView.swift in Sources */ = {isa = PBXBuildFile; fileRef = A2E36D412B73CB2300400A56 /* DirectionIndicatorView.swift */; };
		A2E36D432B73CB2300400A56 /* DirectionIndicatorView.swift in Sources */ = {isa = PBXBuildFile; fileRef = A2E36D412B73CB2300400A56 /* DirectionIndicatorView.swift */; };
		A2F63EA22B09C5E50039DC13 /* View+readGlobalFrame.swift in Sources */ = {isa = PBXBuildFile; fileRef = A2F63EA12B09C5E50039DC13 /* View+readGlobalFrame.swift */; };
		A2F63EA82B0A1F6D0039DC13 /* Localizable.xcstrings in Resources */ = {isa = PBXBuildFile; fileRef = A2F63EA72B0A1F6D0039DC13 /* Localizable.xcstrings */; };
/* End PBXBuildFile section */

/* Begin PBXContainerItemProxy section */
		A21FF6BA2B0B4EF3005B7F26 /* PBXContainerItemProxy */ = {
			isa = PBXContainerItemProxy;
			containerPortal = A2B6F0F02AF20A5100B48C66 /* Project object */;
			proxyType = 1;
			remoteGlobalIDString = A21FF6A82B0B4EF2005B7F26;
			remoteInfo = WidgetsExtension;
		};
		A2B6F10A2AF20A5200B48C66 /* PBXContainerItemProxy */ = {
			isa = PBXContainerItemProxy;
			containerPortal = A2B6F0F02AF20A5100B48C66 /* Project object */;
			proxyType = 1;
			remoteGlobalIDString = A2B6F0F72AF20A5100B48C66;
			remoteInfo = Wavecatcher;
		};
		A2B6F1142AF20A5200B48C66 /* PBXContainerItemProxy */ = {
			isa = PBXContainerItemProxy;
			containerPortal = A2B6F0F02AF20A5100B48C66 /* Project object */;
			proxyType = 1;
			remoteGlobalIDString = A2B6F0F72AF20A5100B48C66;
			remoteInfo = Wavecatcher;
		};
/* End PBXContainerItemProxy section */

/* Begin PBXCopyFilesBuildPhase section */
		A21FF6BD2B0B4EF3005B7F26 /* Embed Foundation Extensions */ = {
			isa = PBXCopyFilesBuildPhase;
			buildActionMask = 2147483647;
			dstPath = "";
			dstSubfolderSpec = 13;
			files = (
				A21FF6BC2B0B4EF3005B7F26 /* WidgetsExtension.appex in Embed Foundation Extensions */,
			);
			name = "Embed Foundation Extensions";
			runOnlyForDeploymentPostprocessing = 0;
		};
/* End PBXCopyFilesBuildPhase section */

/* Begin PBXFileReference section */
		A2018F9F2AF9FD6900089C29 /* View+roundedCorners.swift */ = {isa = PBXFileReference; lastKnownFileType = sourcecode.swift; path = "View+roundedCorners.swift"; sourceTree = "<group>"; };
		A2018FA22AF9FF9100089C29 /* WeatherData+Extract.swift */ = {isa = PBXFileReference; lastKnownFileType = sourcecode.swift; path = "WeatherData+Extract.swift"; sourceTree = "<group>"; };
		A2018FA42AFA006B00089C29 /* WeatherDataTests.swift */ = {isa = PBXFileReference; lastKnownFileType = sourcecode.swift; path = WeatherDataTests.swift; sourceTree = "<group>"; };
		A20BA4D92AFCC6C40013C317 /* LocationsListFeatureTests.swift */ = {isa = PBXFileReference; lastKnownFileType = sourcecode.swift; path = LocationsListFeatureTests.swift; sourceTree = "<group>"; };
		A20DF9032AFF2B2F00B6C549 /* AddLocationFeature.swift */ = {isa = PBXFileReference; lastKnownFileType = sourcecode.swift; path = AddLocationFeature.swift; sourceTree = "<group>"; };
		A214851A2AFC987400DF719F /* LocationsListView.swift */ = {isa = PBXFileReference; lastKnownFileType = sourcecode.swift; path = LocationsListView.swift; sourceTree = "<group>"; };
		A214851C2AFC988900DF719F /* LocationsListFeature.swift */ = {isa = PBXFileReference; lastKnownFileType = sourcecode.swift; path = LocationsListFeature.swift; sourceTree = "<group>"; };
		A21F4BB42B184F7600D36500 /* AppView.swift */ = {isa = PBXFileReference; lastKnownFileType = sourcecode.swift; path = AppView.swift; sourceTree = "<group>"; };
		A21F4BB62B18526F00D36500 /* AppFeature.swift */ = {isa = PBXFileReference; lastKnownFileType = sourcecode.swift; path = AppFeature.swift; sourceTree = "<group>"; };
		A21F4BB82B18A1F900D36500 /* Info.plist */ = {isa = PBXFileReference; lastKnownFileType = text.plist.xml; path = Info.plist; sourceTree = "<group>"; };
		A21FF6A92B0B4EF2005B7F26 /* WidgetsExtension.appex */ = {isa = PBXFileReference; explicitFileType = "wrapper.app-extension"; includeInIndex = 0; path = WidgetsExtension.appex; sourceTree = BUILT_PRODUCTS_DIR; };
		A21FF6AB2B0B4EF2005B7F26 /* WidgetKit.framework */ = {isa = PBXFileReference; lastKnownFileType = wrapper.framework; name = WidgetKit.framework; path = /System/Library/Frameworks/WidgetKit.framework; sourceTree = "<absolute>"; };
		A21FF6AD2B0B4EF2005B7F26 /* SwiftUI.framework */ = {isa = PBXFileReference; lastKnownFileType = wrapper.framework; name = SwiftUI.framework; path = /System/Library/Frameworks/SwiftUI.framework; sourceTree = "<absolute>"; };
		A21FF6B02B0B4EF2005B7F26 /* WidgetsBundle.swift */ = {isa = PBXFileReference; lastKnownFileType = sourcecode.swift; path = WidgetsBundle.swift; sourceTree = "<group>"; };
		A21FF6B62B0B4EF3005B7F26 /* Assets.xcassets */ = {isa = PBXFileReference; lastKnownFileType = folder.assetcatalog; path = Assets.xcassets; sourceTree = "<group>"; };
		A21FF6B82B0B4EF3005B7F26 /* Info.plist */ = {isa = PBXFileReference; lastKnownFileType = text.plist.xml; path = Info.plist; sourceTree = "<group>"; };
		A21FF6B92B0B4EF3005B7F26 /* Widgets.entitlements */ = {isa = PBXFileReference; lastKnownFileType = text.plist.entitlements; path = Widgets.entitlements; sourceTree = "<group>"; };
		A21FF6C72B0B632C005B7F26 /* URL.swift */ = {isa = PBXFileReference; lastKnownFileType = sourcecode.swift; path = URL.swift; sourceTree = "<group>"; };
		A2218FAE2B00BCCC000BA838 /* HourlyForecastView.swift */ = {isa = PBXFileReference; lastKnownFileType = sourcecode.swift; path = HourlyForecastView.swift; sourceTree = "<group>"; };
		A2218FB12B00CDED000BA838 /* OpenMeteoClient.swift */ = {isa = PBXFileReference; lastKnownFileType = sourcecode.swift; path = OpenMeteoClient.swift; sourceTree = "<group>"; };
		A2218FB32B00D155000BA838 /* OpenMeteoClient+MarineResponse.swift */ = {isa = PBXFileReference; lastKnownFileType = sourcecode.swift; path = "OpenMeteoClient+MarineResponse.swift"; sourceTree = "<group>"; };
		A2218FB52B00D3C3000BA838 /* OpenMeteoClient+ForecastResponse.swift */ = {isa = PBXFileReference; lastKnownFileType = sourcecode.swift; path = "OpenMeteoClient+ForecastResponse.swift"; sourceTree = "<group>"; };
		A2218FB72B00DEAE000BA838 /* Collection.swift */ = {isa = PBXFileReference; lastKnownFileType = sourcecode.swift; path = Collection.swift; sourceTree = "<group>"; };
		A2236A4C2AFA5261002AA8C6 /* FormatStyle.swift */ = {isa = PBXFileReference; lastKnownFileType = sourcecode.swift; path = FormatStyle.swift; sourceTree = "<group>"; };
		A2243BDB2AFE40620072EE8C /* AddLocationView.swift */ = {isa = PBXFileReference; lastKnownFileType = sourcecode.swift; path = AddLocationView.swift; sourceTree = "<group>"; };
		A23EACF82B173EDE00752AAC /* OnboardingView.swift */ = {isa = PBXFileReference; lastKnownFileType = sourcecode.swift; path = OnboardingView.swift; sourceTree = "<group>"; };
		A23EACFA2B175A1300752AAC /* OnboardingFeature.swift */ = {isa = PBXFileReference; lastKnownFileType = sourcecode.swift; path = OnboardingFeature.swift; sourceTree = "<group>"; };
		A240F02D2BE682F9009BB2CC /* OpenMeteoClient+ErrorResponse.swift */ = {isa = PBXFileReference; lastKnownFileType = sourcecode.swift; path = "OpenMeteoClient+ErrorResponse.swift"; sourceTree = "<group>"; };
		A240F02F2BE6862C009BB2CC /* AppError.swift */ = {isa = PBXFileReference; lastKnownFileType = sourcecode.swift; path = AppError.swift; sourceTree = "<group>"; };
		A245FB7B2B0C940500E2C614 /* WidgetsConfiguration.swift */ = {isa = PBXFileReference; lastKnownFileType = sourcecode.swift; path = WidgetsConfiguration.swift; sourceTree = "<group>"; };
		A245FB7D2B0C946B00E2C614 /* WidgetsDataProvider.swift */ = {isa = PBXFileReference; lastKnownFileType = sourcecode.swift; path = WidgetsDataProvider.swift; sourceTree = "<group>"; };
		A245FB7F2B0C967E00E2C614 /* TodayForecastWidget.swift */ = {isa = PBXFileReference; lastKnownFileType = sourcecode.swift; path = TodayForecastWidget.swift; sourceTree = "<group>"; };
		A24CE8192AF921A0002DA3A6 /* LocationForecastSectionView.swift */ = {isa = PBXFileReference; lastKnownFileType = sourcecode.swift; path = LocationForecastSectionView.swift; sourceTree = "<group>"; };
		A260AEA72B03443C00BEA778 /* SettingsFeatureTests.swift */ = {isa = PBXFileReference; lastKnownFileType = sourcecode.swift; path = SettingsFeatureTests.swift; sourceTree = "<group>"; };
		A26356A52B034C8A008DC7E6 /* BackgroundVariant.swift */ = {isa = PBXFileReference; lastKnownFileType = sourcecode.swift; path = BackgroundVariant.swift; sourceTree = "<group>"; };
		A26356A82B035EFA008DC7E6 /* LocationSettingsView.swift */ = {isa = PBXFileReference; lastKnownFileType = sourcecode.swift; path = LocationSettingsView.swift; sourceTree = "<group>"; };
		A26356AA2B036843008DC7E6 /* Color.swift */ = {isa = PBXFileReference; lastKnownFileType = sourcecode.swift; path = Color.swift; sourceTree = "<group>"; };
		A26356AC2B03699C008DC7E6 /* LocationSettingsFeature.swift */ = {isa = PBXFileReference; lastKnownFileType = sourcecode.swift; path = LocationSettingsFeature.swift; sourceTree = "<group>"; };
		A26356AE2B036B86008DC7E6 /* AuroraBackgroundView.swift */ = {isa = PBXFileReference; lastKnownFileType = sourcecode.swift; path = AuroraBackgroundView.swift; sourceTree = "<group>"; };
		A26B2B502AFF7BB500BE60EF /* LocationsProvider.swift */ = {isa = PBXFileReference; lastKnownFileType = sourcecode.swift; path = LocationsProvider.swift; sourceTree = "<group>"; };
		A26B2B522AFF894700BE60EF /* AddLocationFeatureTests.swift */ = {isa = PBXFileReference; lastKnownFileType = sourcecode.swift; path = AddLocationFeatureTests.swift; sourceTree = "<group>"; };
		A2770C0A2AF350CC00EFFA22 /* TideForecastView.swift */ = {isa = PBXFileReference; lastKnownFileType = sourcecode.swift; path = TideForecastView.swift; sourceTree = "<group>"; };
		A27A2AF02AF7420F00C56FA9 /* WindForecastView.swift */ = {isa = PBXFileReference; lastKnownFileType = sourcecode.swift; path = WindForecastView.swift; sourceTree = "<group>"; };
		A27A2AF22AF7448700C56FA9 /* LocationForecastFeature.swift */ = {isa = PBXFileReference; lastKnownFileType = sourcecode.swift; path = LocationForecastFeature.swift; sourceTree = "<group>"; };
		A27A2AF52AF745D000C56FA9 /* LocationForecastFeatureTests.swift */ = {isa = PBXFileReference; lastKnownFileType = sourcecode.swift; path = LocationForecastFeatureTests.swift; sourceTree = "<group>"; };
		A27A2AF82AF74D1500C56FA9 /* Error.swift */ = {isa = PBXFileReference; lastKnownFileType = sourcecode.swift; path = Error.swift; sourceTree = "<group>"; };
		A27A2AFB2AF7522B00C56FA9 /* LocalStorage.swift */ = {isa = PBXFileReference; lastKnownFileType = sourcecode.swift; path = LocalStorage.swift; sourceTree = "<group>"; };
		A27A2AFD2AF7545900C56FA9 /* CoreDataStorage.swift */ = {isa = PBXFileReference; lastKnownFileType = sourcecode.swift; path = CoreDataStorage.swift; sourceTree = "<group>"; };
		A27FDD322AF78666000C60D1 /* CoreDataStorageTests.swift */ = {isa = PBXFileReference; lastKnownFileType = sourcecode.swift; path = CoreDataStorageTests.swift; sourceTree = "<group>"; };
		A27FDD342AF79CC6000C60D1 /* WeatherDataProvider.swift */ = {isa = PBXFileReference; lastKnownFileType = sourcecode.swift; path = WeatherDataProvider.swift; sourceTree = "<group>"; };
		A28080FD2B135BCD007942E1 /* Localizable.xcstrings */ = {isa = PBXFileReference; lastKnownFileType = text.json.xcstrings; path = Localizable.xcstrings; sourceTree = "<group>"; };
		A28CC5432B048098005D829B /* PhotosAssetsLoader.swift */ = {isa = PBXFileReference; lastKnownFileType = sourcecode.swift; path = PhotosAssetsLoader.swift; sourceTree = "<group>"; };
		A28CC5482B049E42005D829B /* VideoPlayerView.swift */ = {isa = PBXFileReference; lastKnownFileType = sourcecode.swift; path = VideoPlayerView.swift; sourceTree = "<group>"; };
		A2A336E62AFC74EF00518A2D /* FormatStyleTests.swift */ = {isa = PBXFileReference; lastKnownFileType = sourcecode.swift; path = FormatStyleTests.swift; sourceTree = "<group>"; };
		A2A336E82AFC89B000518A2D /* PositionObservingView.swift */ = {isa = PBXFileReference; lastKnownFileType = sourcecode.swift; path = PositionObservingView.swift; sourceTree = "<group>"; };
		A2A336EA2AFC8AAF00518A2D /* OffsetObservingScrollView.swift */ = {isa = PBXFileReference; lastKnownFileType = sourcecode.swift; path = OffsetObservingScrollView.swift; sourceTree = "<group>"; };
		A2ABEC3E2B4D37BA0012F5CF /* SurflineClient.swift */ = {isa = PBXFileReference; lastKnownFileType = sourcecode.swift; path = SurflineClient.swift; sourceTree = "<group>"; };
		A2ABEC402B4D38E30012F5CF /* SurflineClient+GetSpotId.swift */ = {isa = PBXFileReference; lastKnownFileType = sourcecode.swift; path = "SurflineClient+GetSpotId.swift"; sourceTree = "<group>"; };
		A2AE05BC2B062D2300C3DC40 /* LocationSettingsFeatureTests.swift */ = {isa = PBXFileReference; lastKnownFileType = sourcecode.swift; path = LocationSettingsFeatureTests.swift; sourceTree = "<group>"; };
		A2B6F0F82AF20A5100B48C66 /* Wavecatcher.app */ = {isa = PBXFileReference; explicitFileType = wrapper.application; includeInIndex = 0; path = Wavecatcher.app; sourceTree = BUILT_PRODUCTS_DIR; };
		A2B6F0FB2AF20A5100B48C66 /* WavecatcherApp.swift */ = {isa = PBXFileReference; lastKnownFileType = sourcecode.swift; path = WavecatcherApp.swift; sourceTree = "<group>"; };
		A2B6F0FF2AF20A5200B48C66 /* Assets.xcassets */ = {isa = PBXFileReference; lastKnownFileType = folder.assetcatalog; path = Assets.xcassets; sourceTree = "<group>"; };
		A2B6F1012AF20A5200B48C66 /* Wavecatcher.entitlements */ = {isa = PBXFileReference; lastKnownFileType = text.plist.entitlements; path = Wavecatcher.entitlements; sourceTree = "<group>"; };
		A2B6F1092AF20A5200B48C66 /* WavecatcherTests.xctest */ = {isa = PBXFileReference; explicitFileType = wrapper.cfbundle; includeInIndex = 0; path = WavecatcherTests.xctest; sourceTree = BUILT_PRODUCTS_DIR; };
		A2B6F1132AF20A5200B48C66 /* WavecatcherUITests.xctest */ = {isa = PBXFileReference; explicitFileType = wrapper.cfbundle; includeInIndex = 0; path = WavecatcherUITests.xctest; sourceTree = BUILT_PRODUCTS_DIR; };
		A2B6F1172AF20A5200B48C66 /* WavecatcherUITests.swift */ = {isa = PBXFileReference; lastKnownFileType = sourcecode.swift; path = WavecatcherUITests.swift; sourceTree = "<group>"; };
		A2B6F1192AF20A5200B48C66 /* WavecatcherUITestsLaunchTests.swift */ = {isa = PBXFileReference; lastKnownFileType = sourcecode.swift; path = WavecatcherUITestsLaunchTests.swift; sourceTree = "<group>"; };
		A2B6F12B2AF2142B00B48C66 /* Location.swift */ = {isa = PBXFileReference; lastKnownFileType = sourcecode.swift; path = Location.swift; sourceTree = "<group>"; };
		A2B6F12E2AF21C3600B48C66 /* WeatherData.swift */ = {isa = PBXFileReference; lastKnownFileType = sourcecode.swift; path = WeatherData.swift; sourceTree = "<group>"; };
		A2B6F1342AF2332A00B48C66 /* LocationForecastView.swift */ = {isa = PBXFileReference; lastKnownFileType = sourcecode.swift; path = LocationForecastView.swift; sourceTree = "<group>"; };
		A2C198282B35B01300A7293F /* OnboardingFeatureTests.swift */ = {isa = PBXFileReference; lastKnownFileType = sourcecode.swift; path = OnboardingFeatureTests.swift; sourceTree = "<group>"; };
		A2C1982B2B36CAD900A7293F /* AppFeatureTests.swift */ = {isa = PBXFileReference; lastKnownFileType = sourcecode.swift; path = AppFeatureTests.swift; sourceTree = "<group>"; };
		A2C1982E2B36DB5D00A7293F /* UnitTests.xctestplan */ = {isa = PBXFileReference; lastKnownFileType = text; path = UnitTests.xctestplan; sourceTree = "<group>"; };
		A2C22DB12B032781005A8F70 /* SettingsView.swift */ = {isa = PBXFileReference; lastKnownFileType = sourcecode.swift; path = SettingsView.swift; sourceTree = "<group>"; };
		A2C22DB32B032799005A8F70 /* SettingsFeature.swift */ = {isa = PBXFileReference; lastKnownFileType = sourcecode.swift; path = SettingsFeature.swift; sourceTree = "<group>"; };
		A2CD15092AF8A05B001AEDE5 /* SavedLocation.swift */ = {isa = PBXFileReference; lastKnownFileType = sourcecode.swift; path = SavedLocation.swift; sourceTree = "<group>"; };
		A2E36D412B73CB2300400A56 /* DirectionIndicatorView.swift */ = {isa = PBXFileReference; lastKnownFileType = sourcecode.swift; path = DirectionIndicatorView.swift; sourceTree = "<group>"; };
		A2F63EA12B09C5E50039DC13 /* View+readGlobalFrame.swift */ = {isa = PBXFileReference; lastKnownFileType = sourcecode.swift; path = "View+readGlobalFrame.swift"; sourceTree = "<group>"; };
		A2F63EA72B0A1F6D0039DC13 /* Localizable.xcstrings */ = {isa = PBXFileReference; lastKnownFileType = text.json.xcstrings; path = Localizable.xcstrings; sourceTree = "<group>"; };
/* End PBXFileReference section */

/* Begin PBXFrameworksBuildPhase section */
		A21FF6A62B0B4EF2005B7F26 /* Frameworks */ = {
			isa = PBXFrameworksBuildPhase;
			buildActionMask = 2147483647;
			files = (
				A21FF6AE2B0B4EF2005B7F26 /* SwiftUI.framework in Frameworks */,
				A21FF6AC2B0B4EF2005B7F26 /* WidgetKit.framework in Frameworks */,
				A245FB792B0C6F2400E2C614 /* Tagged in Frameworks */,
				A21FF6CB2B0B63E7005B7F26 /* ComposableArchitecture in Frameworks */,
			);
			runOnlyForDeploymentPostprocessing = 0;
		};
		A2B6F0F52AF20A5100B48C66 /* Frameworks */ = {
			isa = PBXFrameworksBuildPhase;
			buildActionMask = 2147483647;
			files = (
				A2B6F1322AF21D2800B48C66 /* Tagged in Frameworks */,
				A2B6F1292AF2107600B48C66 /* ComposableArchitecture in Frameworks */,
			);
			runOnlyForDeploymentPostprocessing = 0;
		};
		A2B6F1062AF20A5200B48C66 /* Frameworks */ = {
			isa = PBXFrameworksBuildPhase;
			buildActionMask = 2147483647;
			files = (
			);
			runOnlyForDeploymentPostprocessing = 0;
		};
		A2B6F1102AF20A5200B48C66 /* Frameworks */ = {
			isa = PBXFrameworksBuildPhase;
			buildActionMask = 2147483647;
			files = (
			);
			runOnlyForDeploymentPostprocessing = 0;
		};
/* End PBXFrameworksBuildPhase section */

/* Begin PBXGroup section */
		A2018FA12AF9FF6C00089C29 /* Extensions */ = {
			isa = PBXGroup;
			children = (
				A2018FA42AFA006B00089C29 /* WeatherDataTests.swift */,
				A2A336E62AFC74EF00518A2D /* FormatStyleTests.swift */,
			);
			path = Extensions;
			sourceTree = "<group>";
		};
		A21485192AFC984D00DF719F /* LocationsList */ = {
			isa = PBXGroup;
			children = (
				A214851C2AFC988900DF719F /* LocationsListFeature.swift */,
				A214851A2AFC987400DF719F /* LocationsListView.swift */,
			);
			path = LocationsList;
			sourceTree = "<group>";
		};
		A21F4BB32B184D7400D36500 /* App */ = {
			isa = PBXGroup;
			children = (
				A21F4BB62B18526F00D36500 /* AppFeature.swift */,
				A21F4BB42B184F7600D36500 /* AppView.swift */,
			);
			path = App;
			sourceTree = "<group>";
		};
		A21FF6AA2B0B4EF2005B7F26 /* Frameworks */ = {
			isa = PBXGroup;
			children = (
				A21FF6AB2B0B4EF2005B7F26 /* WidgetKit.framework */,
				A21FF6AD2B0B4EF2005B7F26 /* SwiftUI.framework */,
			);
			name = Frameworks;
			sourceTree = "<group>";
		};
		A21FF6AF2B0B4EF2005B7F26 /* WavecatcherWidgets */ = {
			isa = PBXGroup;
			children = (
				A21FF6B02B0B4EF2005B7F26 /* WidgetsBundle.swift */,
				A245FB7B2B0C940500E2C614 /* WidgetsConfiguration.swift */,
				A245FB7D2B0C946B00E2C614 /* WidgetsDataProvider.swift */,
				A245FB7A2B0C7D9200E2C614 /* TodayForecast */,
				A21FF6B62B0B4EF3005B7F26 /* Assets.xcassets */,
				A28080FD2B135BCD007942E1 /* Localizable.xcstrings */,
				A21FF6B82B0B4EF3005B7F26 /* Info.plist */,
				A21FF6B92B0B4EF3005B7F26 /* Widgets.entitlements */,
			);
			path = WavecatcherWidgets;
			sourceTree = "<group>";
		};
		A2218FB02B00CDD0000BA838 /* OpenMeteo */ = {
			isa = PBXGroup;
			children = (
				A2218FB12B00CDED000BA838 /* OpenMeteoClient.swift */,
				A2218FB32B00D155000BA838 /* OpenMeteoClient+MarineResponse.swift */,
				A2218FB52B00D3C3000BA838 /* OpenMeteoClient+ForecastResponse.swift */,
				A240F02D2BE682F9009BB2CC /* OpenMeteoClient+ErrorResponse.swift */,
			);
			path = OpenMeteo;
			sourceTree = "<group>";
		};
		A2243BDA2AFE404D0072EE8C /* AddLocation */ = {
			isa = PBXGroup;
			children = (
				A20DF9032AFF2B2F00B6C549 /* AddLocationFeature.swift */,
				A2243BDB2AFE40620072EE8C /* AddLocationView.swift */,
			);
			path = AddLocation;
			sourceTree = "<group>";
		};
		A23EACF72B173EAA00752AAC /* Onboarding */ = {
			isa = PBXGroup;
			children = (
				A23EACFA2B175A1300752AAC /* OnboardingFeature.swift */,
				A23EACF82B173EDE00752AAC /* OnboardingView.swift */,
			);
			path = Onboarding;
			sourceTree = "<group>";
		};
		A245FB7A2B0C7D9200E2C614 /* TodayForecast */ = {
			isa = PBXGroup;
			children = (
				A245FB7F2B0C967E00E2C614 /* TodayForecastWidget.swift */,
			);
			path = TodayForecast;
			sourceTree = "<group>";
		};
		A26356A72B035EE7008DC7E6 /* LocationSettings */ = {
			isa = PBXGroup;
			children = (
				A26356AC2B03699C008DC7E6 /* LocationSettingsFeature.swift */,
				A26356A82B035EFA008DC7E6 /* LocationSettingsView.swift */,
				A26356AE2B036B86008DC7E6 /* AuroraBackgroundView.swift */,
				A28CC5482B049E42005D829B /* VideoPlayerView.swift */,
			);
			path = LocationSettings;
			sourceTree = "<group>";
		};
		A27A2AF72AF74D0300C56FA9 /* Extensions */ = {
			isa = PBXGroup;
			children = (
				A21FF6C72B0B632C005B7F26 /* URL.swift */,
				A27A2AF82AF74D1500C56FA9 /* Error.swift */,
				A26356AA2B036843008DC7E6 /* Color.swift */,
				A2218FB72B00DEAE000BA838 /* Collection.swift */,
				A2F63EA12B09C5E50039DC13 /* View+readGlobalFrame.swift */,
				A2018F9F2AF9FD6900089C29 /* View+roundedCorners.swift */,
				A2018FA22AF9FF9100089C29 /* WeatherData+Extract.swift */,
				A2A336E82AFC89B000518A2D /* PositionObservingView.swift */,
				A2A336EA2AFC8AAF00518A2D /* OffsetObservingScrollView.swift */,
				A2236A4C2AFA5261002AA8C6 /* FormatStyle.swift */,
				A2E36D412B73CB2300400A56 /* DirectionIndicatorView.swift */,
			);
			path = Extensions;
			sourceTree = "<group>";
		};
		A27A2AFA2AF750F100C56FA9 /* Dependencies */ = {
			isa = PBXGroup;
			children = (
				A27A2AFB2AF7522B00C56FA9 /* LocalStorage.swift */,
				A27A2AFD2AF7545900C56FA9 /* CoreDataStorage.swift */,
				A27FDD342AF79CC6000C60D1 /* WeatherDataProvider.swift */,
				A26B2B502AFF7BB500BE60EF /* LocationsProvider.swift */,
				A28CC5432B048098005D829B /* PhotosAssetsLoader.swift */,
				A2218FB02B00CDD0000BA838 /* OpenMeteo */,
				A2ABEC3D2B4D37980012F5CF /* Surfline */,
			);
			path = Dependencies;
			sourceTree = "<group>";
		};
		A27FDD312AF78650000C60D1 /* Dependencies */ = {
			isa = PBXGroup;
			children = (
				A27FDD322AF78666000C60D1 /* CoreDataStorageTests.swift */,
			);
			path = Dependencies;
			sourceTree = "<group>";
		};
		A2ABEC3D2B4D37980012F5CF /* Surfline */ = {
			isa = PBXGroup;
			children = (
				A2ABEC3E2B4D37BA0012F5CF /* SurflineClient.swift */,
				A2ABEC402B4D38E30012F5CF /* SurflineClient+GetSpotId.swift */,
			);
			path = Surfline;
			sourceTree = "<group>";
		};
		A2B6F0EF2AF20A5100B48C66 = {
			isa = PBXGroup;
			children = (
				A2B6F0FA2AF20A5100B48C66 /* Wavecatcher */,
				A2B6F10C2AF20A5200B48C66 /* WavecatcherTests */,
				A2B6F1162AF20A5200B48C66 /* WavecatcherUITests */,
				A2C1982D2B36DB1400A7293F /* WavecatcherTestPlans */,
				A21FF6AF2B0B4EF2005B7F26 /* WavecatcherWidgets */,
				A21FF6AA2B0B4EF2005B7F26 /* Frameworks */,
				A2B6F0F92AF20A5100B48C66 /* Products */,
			);
			sourceTree = "<group>";
		};
		A2B6F0F92AF20A5100B48C66 /* Products */ = {
			isa = PBXGroup;
			children = (
				A2B6F0F82AF20A5100B48C66 /* Wavecatcher.app */,
				A2B6F1092AF20A5200B48C66 /* WavecatcherTests.xctest */,
				A2B6F1132AF20A5200B48C66 /* WavecatcherUITests.xctest */,
				A21FF6A92B0B4EF2005B7F26 /* WidgetsExtension.appex */,
			);
			name = Products;
			sourceTree = "<group>";
		};
		A2B6F0FA2AF20A5100B48C66 /* Wavecatcher */ = {
			isa = PBXGroup;
			children = (
				A2B6F0FB2AF20A5100B48C66 /* WavecatcherApp.swift */,
				A2F63EA52B09D3B80039DC13 /* Features */,
				A27A2AFA2AF750F100C56FA9 /* Dependencies */,
				A2B6F12A2AF213FA00B48C66 /* Models */,
				A27A2AF72AF74D0300C56FA9 /* Extensions */,
				A2F63EA32B09CEAE0039DC13 /* Resources */,
			);
			path = Wavecatcher;
			sourceTree = "<group>";
		};
		A2B6F10C2AF20A5200B48C66 /* WavecatcherTests */ = {
			isa = PBXGroup;
			children = (
				A2F63EA62B0A124C0039DC13 /* Features */,
				A27FDD312AF78650000C60D1 /* Dependencies */,
				A2018FA12AF9FF6C00089C29 /* Extensions */,
			);
			path = WavecatcherTests;
			sourceTree = "<group>";
		};
		A2B6F1162AF20A5200B48C66 /* WavecatcherUITests */ = {
			isa = PBXGroup;
			children = (
				A2B6F1172AF20A5200B48C66 /* WavecatcherUITests.swift */,
				A2B6F1192AF20A5200B48C66 /* WavecatcherUITestsLaunchTests.swift */,
			);
			path = WavecatcherUITests;
			sourceTree = "<group>";
		};
		A2B6F12A2AF213FA00B48C66 /* Models */ = {
			isa = PBXGroup;
			children = (
				A2B6F12B2AF2142B00B48C66 /* Location.swift */,
				A2CD15092AF8A05B001AEDE5 /* SavedLocation.swift */,
				A2B6F12E2AF21C3600B48C66 /* WeatherData.swift */,
				A26356A52B034C8A008DC7E6 /* BackgroundVariant.swift */,
				A240F02F2BE6862C009BB2CC /* AppError.swift */,
			);
			path = Models;
			sourceTree = "<group>";
		};
		A2B6F1332AF2331000B48C66 /* LocationForecast */ = {
			isa = PBXGroup;
			children = (
				A27A2AF22AF7448700C56FA9 /* LocationForecastFeature.swift */,
				A2B6F1342AF2332A00B48C66 /* LocationForecastView.swift */,
				A24CE8192AF921A0002DA3A6 /* LocationForecastSectionView.swift */,
				A2770C0A2AF350CC00EFFA22 /* TideForecastView.swift */,
				A27A2AF02AF7420F00C56FA9 /* WindForecastView.swift */,
				A2218FAE2B00BCCC000BA838 /* HourlyForecastView.swift */,
			);
			path = LocationForecast;
			sourceTree = "<group>";
		};
		A2C1982D2B36DB1400A7293F /* WavecatcherTestPlans */ = {
			isa = PBXGroup;
			children = (
				A2C1982E2B36DB5D00A7293F /* UnitTests.xctestplan */,
			);
			path = WavecatcherTestPlans;
			sourceTree = "<group>";
		};
		A2C22DB02B032749005A8F70 /* Settings */ = {
			isa = PBXGroup;
			children = (
				A2C22DB32B032799005A8F70 /* SettingsFeature.swift */,
				A2C22DB12B032781005A8F70 /* SettingsView.swift */,
			);
			path = Settings;
			sourceTree = "<group>";
		};
		A2F63EA32B09CEAE0039DC13 /* Resources */ = {
			isa = PBXGroup;
			children = (
				A21F4BB82B18A1F900D36500 /* Info.plist */,
				A2B6F0FF2AF20A5200B48C66 /* Assets.xcassets */,
				A2F63EA72B0A1F6D0039DC13 /* Localizable.xcstrings */,
				A2B6F1012AF20A5200B48C66 /* Wavecatcher.entitlements */,
			);
			path = Resources;
			sourceTree = "<group>";
		};
		A2F63EA52B09D3B80039DC13 /* Features */ = {
			isa = PBXGroup;
			children = (
				A21F4BB32B184D7400D36500 /* App */,
				A23EACF72B173EAA00752AAC /* Onboarding */,
				A2C22DB02B032749005A8F70 /* Settings */,
				A26356A72B035EE7008DC7E6 /* LocationSettings */,
				A2243BDA2AFE404D0072EE8C /* AddLocation */,
				A21485192AFC984D00DF719F /* LocationsList */,
				A2B6F1332AF2331000B48C66 /* LocationForecast */,
			);
			path = Features;
			sourceTree = "<group>";
		};
		A2F63EA62B0A124C0039DC13 /* Features */ = {
			isa = PBXGroup;
			children = (
				A2C1982B2B36CAD900A7293F /* AppFeatureTests.swift */,
				A2C198282B35B01300A7293F /* OnboardingFeatureTests.swift */,
				A260AEA72B03443C00BEA778 /* SettingsFeatureTests.swift */,
				A2AE05BC2B062D2300C3DC40 /* LocationSettingsFeatureTests.swift */,
				A26B2B522AFF894700BE60EF /* AddLocationFeatureTests.swift */,
				A20BA4D92AFCC6C40013C317 /* LocationsListFeatureTests.swift */,
				A27A2AF52AF745D000C56FA9 /* LocationForecastFeatureTests.swift */,
			);
			path = Features;
			sourceTree = "<group>";
		};
/* End PBXGroup section */

/* Begin PBXNativeTarget section */
		A21FF6A82B0B4EF2005B7F26 /* WidgetsExtension */ = {
			isa = PBXNativeTarget;
			buildConfigurationList = A21FF6C02B0B4EF3005B7F26 /* Build configuration list for PBXNativeTarget "WidgetsExtension" */;
			buildPhases = (
				A21FF6A52B0B4EF2005B7F26 /* Sources */,
				A21FF6A62B0B4EF2005B7F26 /* Frameworks */,
				A21FF6A72B0B4EF2005B7F26 /* Resources */,
			);
			buildRules = (
			);
			dependencies = (
			);
			name = WidgetsExtension;
			packageProductDependencies = (
				A21FF6CA2B0B63E7005B7F26 /* ComposableArchitecture */,
				A245FB782B0C6F2400E2C614 /* Tagged */,
			);
			productName = WidgetsExtension;
			productReference = A21FF6A92B0B4EF2005B7F26 /* WidgetsExtension.appex */;
			productType = "com.apple.product-type.app-extension";
		};
		A2B6F0F72AF20A5100B48C66 /* Wavecatcher */ = {
			isa = PBXNativeTarget;
			buildConfigurationList = A2B6F11D2AF20A5200B48C66 /* Build configuration list for PBXNativeTarget "Wavecatcher" */;
			buildPhases = (
				A2B6F0F42AF20A5100B48C66 /* Sources */,
				A2B6F0F52AF20A5100B48C66 /* Frameworks */,
				A2B6F0F62AF20A5100B48C66 /* Resources */,
				A21FF6BD2B0B4EF3005B7F26 /* Embed Foundation Extensions */,
			);
			buildRules = (
			);
			dependencies = (
				A21FF6BB2B0B4EF3005B7F26 /* PBXTargetDependency */,
			);
			name = Wavecatcher;
			packageProductDependencies = (
				A2B6F1282AF2107600B48C66 /* ComposableArchitecture */,
				A2B6F1312AF21D2800B48C66 /* Tagged */,
			);
			productName = Wavecatcher;
			productReference = A2B6F0F82AF20A5100B48C66 /* Wavecatcher.app */;
			productType = "com.apple.product-type.application";
		};
		A2B6F1082AF20A5200B48C66 /* WavecatcherTests */ = {
			isa = PBXNativeTarget;
			buildConfigurationList = A2B6F1202AF20A5200B48C66 /* Build configuration list for PBXNativeTarget "WavecatcherTests" */;
			buildPhases = (
				A2B6F1052AF20A5200B48C66 /* Sources */,
				A2B6F1062AF20A5200B48C66 /* Frameworks */,
				A2B6F1072AF20A5200B48C66 /* Resources */,
			);
			buildRules = (
			);
			dependencies = (
				A2B6F10B2AF20A5200B48C66 /* PBXTargetDependency */,
			);
			name = WavecatcherTests;
			productName = WavecatcherTests;
			productReference = A2B6F1092AF20A5200B48C66 /* WavecatcherTests.xctest */;
			productType = "com.apple.product-type.bundle.unit-test";
		};
		A2B6F1122AF20A5200B48C66 /* WavecatcherUITests */ = {
			isa = PBXNativeTarget;
			buildConfigurationList = A2B6F1232AF20A5200B48C66 /* Build configuration list for PBXNativeTarget "WavecatcherUITests" */;
			buildPhases = (
				A2B6F10F2AF20A5200B48C66 /* Sources */,
				A2B6F1102AF20A5200B48C66 /* Frameworks */,
				A2B6F1112AF20A5200B48C66 /* Resources */,
			);
			buildRules = (
			);
			dependencies = (
				A2B6F1152AF20A5200B48C66 /* PBXTargetDependency */,
			);
			name = WavecatcherUITests;
			productName = WavecatcherUITests;
			productReference = A2B6F1132AF20A5200B48C66 /* WavecatcherUITests.xctest */;
			productType = "com.apple.product-type.bundle.ui-testing";
		};
/* End PBXNativeTarget section */

/* Begin PBXProject section */
		A2B6F0F02AF20A5100B48C66 /* Project object */ = {
			isa = PBXProject;
			attributes = {
				BuildIndependentTargetsInParallel = 1;
				LastSwiftUpdateCheck = 1500;
				LastUpgradeCheck = 1500;
				TargetAttributes = {
					A21FF6A82B0B4EF2005B7F26 = {
						CreatedOnToolsVersion = 15.0;
					};
					A2B6F0F72AF20A5100B48C66 = {
						CreatedOnToolsVersion = 15.0;
					};
					A2B6F1082AF20A5200B48C66 = {
						CreatedOnToolsVersion = 15.0;
						TestTargetID = A2B6F0F72AF20A5100B48C66;
					};
					A2B6F1122AF20A5200B48C66 = {
						CreatedOnToolsVersion = 15.0;
						TestTargetID = A2B6F0F72AF20A5100B48C66;
					};
				};
			};
			buildConfigurationList = A2B6F0F32AF20A5100B48C66 /* Build configuration list for PBXProject "Wavecatcher" */;
			compatibilityVersion = "Xcode 14.0";
			developmentRegion = en;
			hasScannedForEncodings = 0;
			knownRegions = (
				en,
				Base,
			);
			mainGroup = A2B6F0EF2AF20A5100B48C66;
			packageReferences = (
				A2B6F1272AF2107600B48C66 /* XCRemoteSwiftPackageReference "swift-composable-architecture" */,
				A2B6F12D2AF21A1F00B48C66 /* XCRemoteSwiftPackageReference "swift-tagged" */,
			);
			productRefGroup = A2B6F0F92AF20A5100B48C66 /* Products */;
			projectDirPath = "";
			projectRoot = "";
			targets = (
				A2B6F0F72AF20A5100B48C66 /* Wavecatcher */,
				A2B6F1082AF20A5200B48C66 /* WavecatcherTests */,
				A2B6F1122AF20A5200B48C66 /* WavecatcherUITests */,
				A21FF6A82B0B4EF2005B7F26 /* WidgetsExtension */,
			);
		};
/* End PBXProject section */

/* Begin PBXResourcesBuildPhase section */
		A21FF6A72B0B4EF2005B7F26 /* Resources */ = {
			isa = PBXResourcesBuildPhase;
			buildActionMask = 2147483647;
			files = (
				A28080FE2B135BCD007942E1 /* Localizable.xcstrings in Resources */,
				A21FF6B72B0B4EF3005B7F26 /* Assets.xcassets in Resources */,
			);
			runOnlyForDeploymentPostprocessing = 0;
		};
		A2B6F0F62AF20A5100B48C66 /* Resources */ = {
			isa = PBXResourcesBuildPhase;
			buildActionMask = 2147483647;
			files = (
				A2F63EA82B0A1F6D0039DC13 /* Localizable.xcstrings in Resources */,
				A2B6F1002AF20A5200B48C66 /* Assets.xcassets in Resources */,
			);
			runOnlyForDeploymentPostprocessing = 0;
		};
		A2B6F1072AF20A5200B48C66 /* Resources */ = {
			isa = PBXResourcesBuildPhase;
			buildActionMask = 2147483647;
			files = (
			);
			runOnlyForDeploymentPostprocessing = 0;
		};
		A2B6F1112AF20A5200B48C66 /* Resources */ = {
			isa = PBXResourcesBuildPhase;
			buildActionMask = 2147483647;
			files = (
			);
			runOnlyForDeploymentPostprocessing = 0;
		};
/* End PBXResourcesBuildPhase section */

/* Begin PBXSourcesBuildPhase section */
		A21FF6A52B0B4EF2005B7F26 /* Sources */ = {
			isa = PBXSourcesBuildPhase;
			buildActionMask = 2147483647;
			files = (
				A245FB802B0C967E00E2C614 /* TodayForecastWidget.swift in Sources */,
				A254D2C92B11B2D600DC0E25 /* OpenMeteoClient+ForecastResponse.swift in Sources */,
				A254D2C82B11B2D400DC0E25 /* OpenMeteoClient+MarineResponse.swift in Sources */,
				A21FF6C22B0B5AC3005B7F26 /* CoreDataStorage.swift in Sources */,
				A21FF6B12B0B4EF2005B7F26 /* WidgetsBundle.swift in Sources */,
				A2ABEC432B4D3C2E0012F5CF /* SurflineClient+GetSpotId.swift in Sources */,
				A245FB772B0C6EEE00E2C614 /* Color.swift in Sources */,
				A240F0312BE68745009BB2CC /* OpenMeteoClient+ErrorResponse.swift in Sources */,
				A21FF6C62B0B5B70005B7F26 /* BackgroundVariant.swift in Sources */,
				A240F0322BE68755009BB2CC /* AppError.swift in Sources */,
				A254D2C62B11AE1700DC0E25 /* WeatherDataProvider.swift in Sources */,
				A21FF6C12B0B5AB7005B7F26 /* LocalStorage.swift in Sources */,
				A21FF6C92B0B632C005B7F26 /* URL.swift in Sources */,
				A254D2CB2B11B32200DC0E25 /* Collection.swift in Sources */,
				A245FB7E2B0C946B00E2C614 /* WidgetsDataProvider.swift in Sources */,
				A21FF6C32B0B5ACA005B7F26 /* Location.swift in Sources */,
				A245FB7C2B0C940500E2C614 /* WidgetsConfiguration.swift in Sources */,
				A2ABEC422B4D3C2B0012F5CF /* SurflineClient.swift in Sources */,
				A254D2C72B11B2D100DC0E25 /* OpenMeteoClient.swift in Sources */,
				A2B6D8002B0E26E50057A831 /* FormatStyle.swift in Sources */,
				A21FF6C52B0B5B6A005B7F26 /* WeatherData.swift in Sources */,
				A21FF6C42B0B5ACD005B7F26 /* SavedLocation.swift in Sources */,
				A2E36D432B73CB2300400A56 /* DirectionIndicatorView.swift in Sources */,
				A2B6D7FE2B0E050A0057A831 /* WeatherData+Extract.swift in Sources */,
			);
			runOnlyForDeploymentPostprocessing = 0;
		};
		A2B6F0F42AF20A5100B48C66 /* Sources */ = {
			isa = PBXSourcesBuildPhase;
			buildActionMask = 2147483647;
			files = (
				A27FDD352AF79CC6000C60D1 /* WeatherDataProvider.swift in Sources */,
				A2218FB62B00D3C3000BA838 /* OpenMeteoClient+ForecastResponse.swift in Sources */,
				A26356AF2B036B86008DC7E6 /* AuroraBackgroundView.swift in Sources */,
				A2218FB42B00D155000BA838 /* OpenMeteoClient+MarineResponse.swift in Sources */,
				A27A2AFE2AF7545900C56FA9 /* CoreDataStorage.swift in Sources */,
				A2236A4D2AFA5261002AA8C6 /* FormatStyle.swift in Sources */,
				A23EACF92B173EDE00752AAC /* OnboardingView.swift in Sources */,
				A27A2AFC2AF7522B00C56FA9 /* LocalStorage.swift in Sources */,
				A26356A92B035EFA008DC7E6 /* LocationSettingsView.swift in Sources */,
				A2218FAF2B00BCCC000BA838 /* HourlyForecastView.swift in Sources */,
				A27A2AF92AF74D1500C56FA9 /* Error.swift in Sources */,
				A2243BDC2AFE40620072EE8C /* AddLocationView.swift in Sources */,
				A28CC5492B049E42005D829B /* VideoPlayerView.swift in Sources */,
				A2218FB82B00DEAE000BA838 /* Collection.swift in Sources */,
				A214851B2AFC987400DF719F /* LocationsListView.swift in Sources */,
				A21FF6C82B0B632C005B7F26 /* URL.swift in Sources */,
				A27A2AF32AF7448700C56FA9 /* LocationForecastFeature.swift in Sources */,
				A2C22DB42B032799005A8F70 /* SettingsFeature.swift in Sources */,
				A24CE81A2AF921A0002DA3A6 /* LocationForecastSectionView.swift in Sources */,
				A2018FA32AF9FF9100089C29 /* WeatherData+Extract.swift in Sources */,
				A28CC5442B048098005D829B /* PhotosAssetsLoader.swift in Sources */,
				A26356A62B034C8A008DC7E6 /* BackgroundVariant.swift in Sources */,
				A2F63EA22B09C5E50039DC13 /* View+readGlobalFrame.swift in Sources */,
				A21F4BB72B18526F00D36500 /* AppFeature.swift in Sources */,
				A214851D2AFC988900DF719F /* LocationsListFeature.swift in Sources */,
				A2ABEC412B4D38E30012F5CF /* SurflineClient+GetSpotId.swift in Sources */,
				A2B6F1352AF2332A00B48C66 /* LocationForecastView.swift in Sources */,
				A20DF9042AFF2B2F00B6C549 /* AddLocationFeature.swift in Sources */,
				A2218FB22B00CDED000BA838 /* OpenMeteoClient.swift in Sources */,
				A2ABEC3F2B4D37BA0012F5CF /* SurflineClient.swift in Sources */,
				A26356AB2B036843008DC7E6 /* Color.swift in Sources */,
				A27A2AF12AF7420F00C56FA9 /* WindForecastView.swift in Sources */,
				A2A336EB2AFC8AAF00518A2D /* OffsetObservingScrollView.swift in Sources */,
				A240F0302BE6862C009BB2CC /* AppError.swift in Sources */,
				A26356AD2B03699C008DC7E6 /* LocationSettingsFeature.swift in Sources */,
				A2E36D422B73CB2300400A56 /* DirectionIndicatorView.swift in Sources */,
				A2A336E92AFC89B000518A2D /* PositionObservingView.swift in Sources */,
				A23EACFB2B175A1300752AAC /* OnboardingFeature.swift in Sources */,
				A2B6F12C2AF2142B00B48C66 /* Location.swift in Sources */,
				A2B6F12F2AF21C3600B48C66 /* WeatherData.swift in Sources */,
				A21F4BB52B184F7600D36500 /* AppView.swift in Sources */,
				A2B6F0FC2AF20A5100B48C66 /* WavecatcherApp.swift in Sources */,
				A2CD150A2AF8A05B001AEDE5 /* SavedLocation.swift in Sources */,
				A2018FA02AF9FD6900089C29 /* View+roundedCorners.swift in Sources */,
				A2770C0B2AF350CC00EFFA22 /* TideForecastView.swift in Sources */,
				A240F02E2BE682F9009BB2CC /* OpenMeteoClient+ErrorResponse.swift in Sources */,
				A2C22DB22B032781005A8F70 /* SettingsView.swift in Sources */,
				A26B2B512AFF7BB500BE60EF /* LocationsProvider.swift in Sources */,
			);
			runOnlyForDeploymentPostprocessing = 0;
		};
		A2B6F1052AF20A5200B48C66 /* Sources */ = {
			isa = PBXSourcesBuildPhase;
			buildActionMask = 2147483647;
			files = (
				A27A2AF62AF745D000C56FA9 /* LocationForecastFeatureTests.swift in Sources */,
				A26B2B532AFF894700BE60EF /* AddLocationFeatureTests.swift in Sources */,
				A2018FA52AFA006B00089C29 /* WeatherDataTests.swift in Sources */,
				A2A336E72AFC74EF00518A2D /* FormatStyleTests.swift in Sources */,
				A2C198292B35B01300A7293F /* OnboardingFeatureTests.swift in Sources */,
				A20BA4DA2AFCC6C40013C317 /* LocationsListFeatureTests.swift in Sources */,
				A2C1982C2B36CAD900A7293F /* AppFeatureTests.swift in Sources */,
				A27FDD332AF78666000C60D1 /* CoreDataStorageTests.swift in Sources */,
				A2AE05BD2B062D2300C3DC40 /* LocationSettingsFeatureTests.swift in Sources */,
				A260AEA82B03443C00BEA778 /* SettingsFeatureTests.swift in Sources */,
			);
			runOnlyForDeploymentPostprocessing = 0;
		};
		A2B6F10F2AF20A5200B48C66 /* Sources */ = {
			isa = PBXSourcesBuildPhase;
			buildActionMask = 2147483647;
			files = (
				A2B6F11A2AF20A5200B48C66 /* WavecatcherUITestsLaunchTests.swift in Sources */,
				A2B6F1182AF20A5200B48C66 /* WavecatcherUITests.swift in Sources */,
			);
			runOnlyForDeploymentPostprocessing = 0;
		};
/* End PBXSourcesBuildPhase section */

/* Begin PBXTargetDependency section */
		A21FF6BB2B0B4EF3005B7F26 /* PBXTargetDependency */ = {
			isa = PBXTargetDependency;
			target = A21FF6A82B0B4EF2005B7F26 /* WidgetsExtension */;
			targetProxy = A21FF6BA2B0B4EF3005B7F26 /* PBXContainerItemProxy */;
		};
		A2B6F10B2AF20A5200B48C66 /* PBXTargetDependency */ = {
			isa = PBXTargetDependency;
			target = A2B6F0F72AF20A5100B48C66 /* Wavecatcher */;
			targetProxy = A2B6F10A2AF20A5200B48C66 /* PBXContainerItemProxy */;
		};
		A2B6F1152AF20A5200B48C66 /* PBXTargetDependency */ = {
			isa = PBXTargetDependency;
			target = A2B6F0F72AF20A5100B48C66 /* Wavecatcher */;
			targetProxy = A2B6F1142AF20A5200B48C66 /* PBXContainerItemProxy */;
		};
/* End PBXTargetDependency section */

/* Begin XCBuildConfiguration section */
		A21FF6BE2B0B4EF3005B7F26 /* Debug */ = {
			isa = XCBuildConfiguration;
			buildSettings = {
				ASSETCATALOG_COMPILER_GLOBAL_ACCENT_COLOR_NAME = AccentColor;
				ASSETCATALOG_COMPILER_WIDGET_BACKGROUND_COLOR_NAME = WidgetBackground;
				CODE_SIGN_ENTITLEMENTS = WavecatcherWidgets/Widgets.entitlements;
				CODE_SIGN_STYLE = Automatic;
				CURRENT_PROJECT_VERSION = 1;
				DEVELOPMENT_TEAM = "";
				GENERATE_INFOPLIST_FILE = YES;
				INFOPLIST_FILE = WavecatcherWidgets/Info.plist;
				INFOPLIST_KEY_CFBundleDisplayName = Widgets;
				INFOPLIST_KEY_NSHumanReadableCopyright = "";
				IPHONEOS_DEPLOYMENT_TARGET = 17.0;
				LD_RUNPATH_SEARCH_PATHS = (
					"$(inherited)",
					"@executable_path/Frameworks",
					"@executable_path/../../Frameworks",
				);
				"LD_RUNPATH_SEARCH_PATHS[sdk=macosx*]" = (
					"$(inherited)",
					"@executable_path/../Frameworks",
					"@executable_path/../../../../Frameworks",
				);
				MACOSX_DEPLOYMENT_TARGET = 14.0;
				MARKETING_VERSION = 1.0;
				PRODUCT_BUNDLE_IDENTIFIER = com.ifau.Wavecatcher.Widgets;
				PRODUCT_NAME = "$(TARGET_NAME)";
				SDKROOT = auto;
				SKIP_INSTALL = YES;
				SUPPORTED_PLATFORMS = "iphoneos iphonesimulator macosx";
				SWIFT_EMIT_LOC_STRINGS = YES;
				SWIFT_VERSION = 5.0;
				TARGETED_DEVICE_FAMILY = "1,2";
			};
			name = Debug;
		};
		A21FF6BF2B0B4EF3005B7F26 /* Release */ = {
			isa = XCBuildConfiguration;
			buildSettings = {
				ASSETCATALOG_COMPILER_GLOBAL_ACCENT_COLOR_NAME = AccentColor;
				ASSETCATALOG_COMPILER_WIDGET_BACKGROUND_COLOR_NAME = WidgetBackground;
				CODE_SIGN_ENTITLEMENTS = WavecatcherWidgets/Widgets.entitlements;
				CODE_SIGN_STYLE = Automatic;
				CURRENT_PROJECT_VERSION = 1;
				DEVELOPMENT_TEAM = "";
				GENERATE_INFOPLIST_FILE = YES;
				INFOPLIST_FILE = WavecatcherWidgets/Info.plist;
				INFOPLIST_KEY_CFBundleDisplayName = Widgets;
				INFOPLIST_KEY_NSHumanReadableCopyright = "";
				IPHONEOS_DEPLOYMENT_TARGET = 17.0;
				LD_RUNPATH_SEARCH_PATHS = (
					"$(inherited)",
					"@executable_path/Frameworks",
					"@executable_path/../../Frameworks",
				);
				"LD_RUNPATH_SEARCH_PATHS[sdk=macosx*]" = (
					"$(inherited)",
					"@executable_path/../Frameworks",
					"@executable_path/../../../../Frameworks",
				);
				MACOSX_DEPLOYMENT_TARGET = 14.0;
				MARKETING_VERSION = 1.0;
				PRODUCT_BUNDLE_IDENTIFIER = com.ifau.Wavecatcher.Widgets;
				PRODUCT_NAME = "$(TARGET_NAME)";
				SDKROOT = auto;
				SKIP_INSTALL = YES;
				SUPPORTED_PLATFORMS = "iphoneos iphonesimulator macosx";
				SWIFT_EMIT_LOC_STRINGS = YES;
				SWIFT_VERSION = 5.0;
				TARGETED_DEVICE_FAMILY = "1,2";
			};
			name = Release;
		};
		A2B6F11B2AF20A5200B48C66 /* Debug */ = {
			isa = XCBuildConfiguration;
			buildSettings = {
				ALWAYS_SEARCH_USER_PATHS = NO;
				ASSETCATALOG_COMPILER_GENERATE_SWIFT_ASSET_SYMBOL_EXTENSIONS = YES;
				CLANG_ANALYZER_NONNULL = YES;
				CLANG_ANALYZER_NUMBER_OBJECT_CONVERSION = YES_AGGRESSIVE;
				CLANG_CXX_LANGUAGE_STANDARD = "gnu++20";
				CLANG_ENABLE_MODULES = YES;
				CLANG_ENABLE_OBJC_ARC = YES;
				CLANG_ENABLE_OBJC_WEAK = YES;
				CLANG_WARN_BLOCK_CAPTURE_AUTORELEASING = YES;
				CLANG_WARN_BOOL_CONVERSION = YES;
				CLANG_WARN_COMMA = YES;
				CLANG_WARN_CONSTANT_CONVERSION = YES;
				CLANG_WARN_DEPRECATED_OBJC_IMPLEMENTATIONS = YES;
				CLANG_WARN_DIRECT_OBJC_ISA_USAGE = YES_ERROR;
				CLANG_WARN_DOCUMENTATION_COMMENTS = YES;
				CLANG_WARN_EMPTY_BODY = YES;
				CLANG_WARN_ENUM_CONVERSION = YES;
				CLANG_WARN_INFINITE_RECURSION = YES;
				CLANG_WARN_INT_CONVERSION = YES;
				CLANG_WARN_NON_LITERAL_NULL_CONVERSION = YES;
				CLANG_WARN_OBJC_IMPLICIT_RETAIN_SELF = YES;
				CLANG_WARN_OBJC_LITERAL_CONVERSION = YES;
				CLANG_WARN_OBJC_ROOT_CLASS = YES_ERROR;
				CLANG_WARN_QUOTED_INCLUDE_IN_FRAMEWORK_HEADER = YES;
				CLANG_WARN_RANGE_LOOP_ANALYSIS = YES;
				CLANG_WARN_STRICT_PROTOTYPES = YES;
				CLANG_WARN_SUSPICIOUS_MOVE = YES;
				CLANG_WARN_UNGUARDED_AVAILABILITY = YES_AGGRESSIVE;
				CLANG_WARN_UNREACHABLE_CODE = YES;
				CLANG_WARN__DUPLICATE_METHOD_MATCH = YES;
				COPY_PHASE_STRIP = NO;
				DEBUG_INFORMATION_FORMAT = dwarf;
				ENABLE_STRICT_OBJC_MSGSEND = YES;
				ENABLE_TESTABILITY = YES;
				ENABLE_USER_SCRIPT_SANDBOXING = YES;
				GCC_C_LANGUAGE_STANDARD = gnu17;
				GCC_DYNAMIC_NO_PIC = NO;
				GCC_NO_COMMON_BLOCKS = YES;
				GCC_OPTIMIZATION_LEVEL = 0;
				GCC_PREPROCESSOR_DEFINITIONS = (
					"DEBUG=1",
					"$(inherited)",
				);
				GCC_WARN_64_TO_32_BIT_CONVERSION = YES;
				GCC_WARN_ABOUT_RETURN_TYPE = YES_ERROR;
				GCC_WARN_UNDECLARED_SELECTOR = YES;
				GCC_WARN_UNINITIALIZED_AUTOS = YES_AGGRESSIVE;
				GCC_WARN_UNUSED_FUNCTION = YES;
				GCC_WARN_UNUSED_VARIABLE = YES;
				LOCALIZATION_PREFERS_STRING_CATALOGS = YES;
				MTL_ENABLE_DEBUG_INFO = INCLUDE_SOURCE;
				MTL_FAST_MATH = YES;
				ONLY_ACTIVE_ARCH = YES;
				SWIFT_ACTIVE_COMPILATION_CONDITIONS = "DEBUG $(inherited)";
				SWIFT_OPTIMIZATION_LEVEL = "-Onone";
			};
			name = Debug;
		};
		A2B6F11C2AF20A5200B48C66 /* Release */ = {
			isa = XCBuildConfiguration;
			buildSettings = {
				ALWAYS_SEARCH_USER_PATHS = NO;
				ASSETCATALOG_COMPILER_GENERATE_SWIFT_ASSET_SYMBOL_EXTENSIONS = YES;
				CLANG_ANALYZER_NONNULL = YES;
				CLANG_ANALYZER_NUMBER_OBJECT_CONVERSION = YES_AGGRESSIVE;
				CLANG_CXX_LANGUAGE_STANDARD = "gnu++20";
				CLANG_ENABLE_MODULES = YES;
				CLANG_ENABLE_OBJC_ARC = YES;
				CLANG_ENABLE_OBJC_WEAK = YES;
				CLANG_WARN_BLOCK_CAPTURE_AUTORELEASING = YES;
				CLANG_WARN_BOOL_CONVERSION = YES;
				CLANG_WARN_COMMA = YES;
				CLANG_WARN_CONSTANT_CONVERSION = YES;
				CLANG_WARN_DEPRECATED_OBJC_IMPLEMENTATIONS = YES;
				CLANG_WARN_DIRECT_OBJC_ISA_USAGE = YES_ERROR;
				CLANG_WARN_DOCUMENTATION_COMMENTS = YES;
				CLANG_WARN_EMPTY_BODY = YES;
				CLANG_WARN_ENUM_CONVERSION = YES;
				CLANG_WARN_INFINITE_RECURSION = YES;
				CLANG_WARN_INT_CONVERSION = YES;
				CLANG_WARN_NON_LITERAL_NULL_CONVERSION = YES;
				CLANG_WARN_OBJC_IMPLICIT_RETAIN_SELF = YES;
				CLANG_WARN_OBJC_LITERAL_CONVERSION = YES;
				CLANG_WARN_OBJC_ROOT_CLASS = YES_ERROR;
				CLANG_WARN_QUOTED_INCLUDE_IN_FRAMEWORK_HEADER = YES;
				CLANG_WARN_RANGE_LOOP_ANALYSIS = YES;
				CLANG_WARN_STRICT_PROTOTYPES = YES;
				CLANG_WARN_SUSPICIOUS_MOVE = YES;
				CLANG_WARN_UNGUARDED_AVAILABILITY = YES_AGGRESSIVE;
				CLANG_WARN_UNREACHABLE_CODE = YES;
				CLANG_WARN__DUPLICATE_METHOD_MATCH = YES;
				COPY_PHASE_STRIP = NO;
				DEBUG_INFORMATION_FORMAT = "dwarf-with-dsym";
				ENABLE_NS_ASSERTIONS = NO;
				ENABLE_STRICT_OBJC_MSGSEND = YES;
				ENABLE_USER_SCRIPT_SANDBOXING = YES;
				GCC_C_LANGUAGE_STANDARD = gnu17;
				GCC_NO_COMMON_BLOCKS = YES;
				GCC_WARN_64_TO_32_BIT_CONVERSION = YES;
				GCC_WARN_ABOUT_RETURN_TYPE = YES_ERROR;
				GCC_WARN_UNDECLARED_SELECTOR = YES;
				GCC_WARN_UNINITIALIZED_AUTOS = YES_AGGRESSIVE;
				GCC_WARN_UNUSED_FUNCTION = YES;
				GCC_WARN_UNUSED_VARIABLE = YES;
				LOCALIZATION_PREFERS_STRING_CATALOGS = YES;
				MTL_ENABLE_DEBUG_INFO = NO;
				MTL_FAST_MATH = YES;
				SWIFT_COMPILATION_MODE = wholemodule;
			};
			name = Release;
		};
		A2B6F11E2AF20A5200B48C66 /* Debug */ = {
			isa = XCBuildConfiguration;
			buildSettings = {
				ALWAYS_EMBED_SWIFT_STANDARD_LIBRARIES = YES;
				ASSETCATALOG_COMPILER_APPICON_NAME = AppIcon;
				ASSETCATALOG_COMPILER_GLOBAL_ACCENT_COLOR_NAME = AccentColor;
				CODE_SIGN_ENTITLEMENTS = Wavecatcher/Resources/Wavecatcher.entitlements;
				CODE_SIGN_STYLE = Automatic;
				CURRENT_PROJECT_VERSION = 1;
				ENABLE_PREVIEWS = YES;
				GENERATE_INFOPLIST_FILE = YES;
				INFOPLIST_FILE = Wavecatcher/Resources/Info.plist;
				"INFOPLIST_KEY_UIApplicationSceneManifest_Generation[sdk=iphoneos*]" = YES;
				"INFOPLIST_KEY_UIApplicationSceneManifest_Generation[sdk=iphonesimulator*]" = YES;
				"INFOPLIST_KEY_UIApplicationSupportsIndirectInputEvents[sdk=iphoneos*]" = YES;
				"INFOPLIST_KEY_UIApplicationSupportsIndirectInputEvents[sdk=iphonesimulator*]" = YES;
				"INFOPLIST_KEY_UILaunchScreen_Generation[sdk=iphoneos*]" = YES;
				"INFOPLIST_KEY_UILaunchScreen_Generation[sdk=iphonesimulator*]" = YES;
				"INFOPLIST_KEY_UIStatusBarStyle[sdk=iphoneos*]" = UIStatusBarStyleDefault;
				"INFOPLIST_KEY_UIStatusBarStyle[sdk=iphonesimulator*]" = UIStatusBarStyleDefault;
				INFOPLIST_KEY_UISupportedInterfaceOrientations_iPad = "UIInterfaceOrientationPortrait UIInterfaceOrientationPortraitUpsideDown UIInterfaceOrientationLandscapeLeft UIInterfaceOrientationLandscapeRight";
				INFOPLIST_KEY_UISupportedInterfaceOrientations_iPhone = "UIInterfaceOrientationPortrait UIInterfaceOrientationLandscapeLeft UIInterfaceOrientationLandscapeRight";
				IPHONEOS_DEPLOYMENT_TARGET = 17.0;
				LD_RUNPATH_SEARCH_PATHS = "@executable_path/Frameworks";
				"LD_RUNPATH_SEARCH_PATHS[sdk=macosx*]" = "@executable_path/../Frameworks";
				MACOSX_DEPLOYMENT_TARGET = 13.5;
				MARKETING_VERSION = 1.0;
				PRODUCT_BUNDLE_IDENTIFIER = com.ifau.Wavecatcher;
				PRODUCT_NAME = "$(TARGET_NAME)";
				SDKROOT = auto;
				SUPPORTED_PLATFORMS = "iphoneos iphonesimulator macosx";
				SWIFT_EMIT_LOC_STRINGS = YES;
				SWIFT_VERSION = 5.0;
				TARGETED_DEVICE_FAMILY = "1,2";
			};
			name = Debug;
		};
		A2B6F11F2AF20A5200B48C66 /* Release */ = {
			isa = XCBuildConfiguration;
			buildSettings = {
				ALWAYS_EMBED_SWIFT_STANDARD_LIBRARIES = YES;
				ASSETCATALOG_COMPILER_APPICON_NAME = AppIcon;
				ASSETCATALOG_COMPILER_GLOBAL_ACCENT_COLOR_NAME = AccentColor;
				CODE_SIGN_ENTITLEMENTS = Wavecatcher/Resources/Wavecatcher.entitlements;
				CODE_SIGN_STYLE = Automatic;
				CURRENT_PROJECT_VERSION = 1;
				ENABLE_PREVIEWS = YES;
				GENERATE_INFOPLIST_FILE = YES;
				INFOPLIST_FILE = Wavecatcher/Resources/Info.plist;
				"INFOPLIST_KEY_UIApplicationSceneManifest_Generation[sdk=iphoneos*]" = YES;
				"INFOPLIST_KEY_UIApplicationSceneManifest_Generation[sdk=iphonesimulator*]" = YES;
				"INFOPLIST_KEY_UIApplicationSupportsIndirectInputEvents[sdk=iphoneos*]" = YES;
				"INFOPLIST_KEY_UIApplicationSupportsIndirectInputEvents[sdk=iphonesimulator*]" = YES;
				"INFOPLIST_KEY_UILaunchScreen_Generation[sdk=iphoneos*]" = YES;
				"INFOPLIST_KEY_UILaunchScreen_Generation[sdk=iphonesimulator*]" = YES;
				"INFOPLIST_KEY_UIStatusBarStyle[sdk=iphoneos*]" = UIStatusBarStyleDefault;
				"INFOPLIST_KEY_UIStatusBarStyle[sdk=iphonesimulator*]" = UIStatusBarStyleDefault;
				INFOPLIST_KEY_UISupportedInterfaceOrientations_iPad = "UIInterfaceOrientationPortrait UIInterfaceOrientationPortraitUpsideDown UIInterfaceOrientationLandscapeLeft UIInterfaceOrientationLandscapeRight";
				INFOPLIST_KEY_UISupportedInterfaceOrientations_iPhone = "UIInterfaceOrientationPortrait UIInterfaceOrientationLandscapeLeft UIInterfaceOrientationLandscapeRight";
				IPHONEOS_DEPLOYMENT_TARGET = 17.0;
				LD_RUNPATH_SEARCH_PATHS = "@executable_path/Frameworks";
				"LD_RUNPATH_SEARCH_PATHS[sdk=macosx*]" = "@executable_path/../Frameworks";
				MACOSX_DEPLOYMENT_TARGET = 13.5;
				MARKETING_VERSION = 1.0;
				PRODUCT_BUNDLE_IDENTIFIER = com.ifau.Wavecatcher;
				PRODUCT_NAME = "$(TARGET_NAME)";
				SDKROOT = auto;
				SUPPORTED_PLATFORMS = "iphoneos iphonesimulator macosx";
				SWIFT_EMIT_LOC_STRINGS = YES;
				SWIFT_VERSION = 5.0;
				TARGETED_DEVICE_FAMILY = "1,2";
			};
			name = Release;
		};
		A2B6F1212AF20A5200B48C66 /* Debug */ = {
			isa = XCBuildConfiguration;
			buildSettings = {
				ALWAYS_EMBED_SWIFT_STANDARD_LIBRARIES = YES;
				BUNDLE_LOADER = "$(TEST_HOST)";
				CODE_SIGN_STYLE = Automatic;
				CURRENT_PROJECT_VERSION = 1;
				GENERATE_INFOPLIST_FILE = YES;
				IPHONEOS_DEPLOYMENT_TARGET = 17.0;
				MACOSX_DEPLOYMENT_TARGET = 13.5;
				MARKETING_VERSION = 1.0;
				PRODUCT_BUNDLE_IDENTIFIER = com.ifau.WavecatcherTests;
				PRODUCT_NAME = "$(TARGET_NAME)";
				SDKROOT = auto;
				SUPPORTED_PLATFORMS = "iphoneos iphonesimulator macosx";
				SWIFT_EMIT_LOC_STRINGS = NO;
				SWIFT_VERSION = 5.0;
				TARGETED_DEVICE_FAMILY = "1,2";
				TEST_HOST = "$(BUILT_PRODUCTS_DIR)/Wavecatcher.app/$(BUNDLE_EXECUTABLE_FOLDER_PATH)/Wavecatcher";
			};
			name = Debug;
		};
		A2B6F1222AF20A5200B48C66 /* Release */ = {
			isa = XCBuildConfiguration;
			buildSettings = {
				ALWAYS_EMBED_SWIFT_STANDARD_LIBRARIES = YES;
				BUNDLE_LOADER = "$(TEST_HOST)";
				CODE_SIGN_STYLE = Automatic;
				CURRENT_PROJECT_VERSION = 1;
				GENERATE_INFOPLIST_FILE = YES;
				IPHONEOS_DEPLOYMENT_TARGET = 17.0;
				MACOSX_DEPLOYMENT_TARGET = 13.5;
				MARKETING_VERSION = 1.0;
				PRODUCT_BUNDLE_IDENTIFIER = com.ifau.WavecatcherTests;
				PRODUCT_NAME = "$(TARGET_NAME)";
				SDKROOT = auto;
				SUPPORTED_PLATFORMS = "iphoneos iphonesimulator macosx";
				SWIFT_EMIT_LOC_STRINGS = NO;
				SWIFT_VERSION = 5.0;
				TARGETED_DEVICE_FAMILY = "1,2";
				TEST_HOST = "$(BUILT_PRODUCTS_DIR)/Wavecatcher.app/$(BUNDLE_EXECUTABLE_FOLDER_PATH)/Wavecatcher";
			};
			name = Release;
		};
		A2B6F1242AF20A5200B48C66 /* Debug */ = {
			isa = XCBuildConfiguration;
			buildSettings = {
				ALWAYS_EMBED_SWIFT_STANDARD_LIBRARIES = YES;
				CODE_SIGN_STYLE = Automatic;
				CURRENT_PROJECT_VERSION = 1;
				GENERATE_INFOPLIST_FILE = YES;
				IPHONEOS_DEPLOYMENT_TARGET = 17.0;
				MACOSX_DEPLOYMENT_TARGET = 13.5;
				MARKETING_VERSION = 1.0;
				PRODUCT_BUNDLE_IDENTIFIER = com.ifau.WavecatcherUITests;
				PRODUCT_NAME = "$(TARGET_NAME)";
				SDKROOT = auto;
				SUPPORTED_PLATFORMS = "iphoneos iphonesimulator macosx";
				SWIFT_EMIT_LOC_STRINGS = NO;
				SWIFT_VERSION = 5.0;
				TARGETED_DEVICE_FAMILY = "1,2";
				TEST_TARGET_NAME = Wavecatcher;
			};
			name = Debug;
		};
		A2B6F1252AF20A5200B48C66 /* Release */ = {
			isa = XCBuildConfiguration;
			buildSettings = {
				ALWAYS_EMBED_SWIFT_STANDARD_LIBRARIES = YES;
				CODE_SIGN_STYLE = Automatic;
				CURRENT_PROJECT_VERSION = 1;
				GENERATE_INFOPLIST_FILE = YES;
				IPHONEOS_DEPLOYMENT_TARGET = 17.0;
				MACOSX_DEPLOYMENT_TARGET = 13.5;
				MARKETING_VERSION = 1.0;
				PRODUCT_BUNDLE_IDENTIFIER = com.ifau.WavecatcherUITests;
				PRODUCT_NAME = "$(TARGET_NAME)";
				SDKROOT = auto;
				SUPPORTED_PLATFORMS = "iphoneos iphonesimulator macosx";
				SWIFT_EMIT_LOC_STRINGS = NO;
				SWIFT_VERSION = 5.0;
				TARGETED_DEVICE_FAMILY = "1,2";
				TEST_TARGET_NAME = Wavecatcher;
			};
			name = Release;
		};
/* End XCBuildConfiguration section */

/* Begin XCConfigurationList section */
		A21FF6C02B0B4EF3005B7F26 /* Build configuration list for PBXNativeTarget "WidgetsExtension" */ = {
			isa = XCConfigurationList;
			buildConfigurations = (
				A21FF6BE2B0B4EF3005B7F26 /* Debug */,
				A21FF6BF2B0B4EF3005B7F26 /* Release */,
			);
			defaultConfigurationIsVisible = 0;
			defaultConfigurationName = Release;
		};
		A2B6F0F32AF20A5100B48C66 /* Build configuration list for PBXProject "Wavecatcher" */ = {
			isa = XCConfigurationList;
			buildConfigurations = (
				A2B6F11B2AF20A5200B48C66 /* Debug */,
				A2B6F11C2AF20A5200B48C66 /* Release */,
			);
			defaultConfigurationIsVisible = 0;
			defaultConfigurationName = Release;
		};
		A2B6F11D2AF20A5200B48C66 /* Build configuration list for PBXNativeTarget "Wavecatcher" */ = {
			isa = XCConfigurationList;
			buildConfigurations = (
				A2B6F11E2AF20A5200B48C66 /* Debug */,
				A2B6F11F2AF20A5200B48C66 /* Release */,
			);
			defaultConfigurationIsVisible = 0;
			defaultConfigurationName = Release;
		};
		A2B6F1202AF20A5200B48C66 /* Build configuration list for PBXNativeTarget "WavecatcherTests" */ = {
			isa = XCConfigurationList;
			buildConfigurations = (
				A2B6F1212AF20A5200B48C66 /* Debug */,
				A2B6F1222AF20A5200B48C66 /* Release */,
			);
			defaultConfigurationIsVisible = 0;
			defaultConfigurationName = Release;
		};
		A2B6F1232AF20A5200B48C66 /* Build configuration list for PBXNativeTarget "WavecatcherUITests" */ = {
			isa = XCConfigurationList;
			buildConfigurations = (
				A2B6F1242AF20A5200B48C66 /* Debug */,
				A2B6F1252AF20A5200B48C66 /* Release */,
			);
			defaultConfigurationIsVisible = 0;
			defaultConfigurationName = Release;
		};
/* End XCConfigurationList section */

/* Begin XCRemoteSwiftPackageReference section */
		A2B6F1272AF2107600B48C66 /* XCRemoteSwiftPackageReference "swift-composable-architecture" */ = {
			isa = XCRemoteSwiftPackageReference;
			repositoryURL = "https://github.com/pointfreeco/swift-composable-architecture";
			requirement = {
				kind = upToNextMajorVersion;
				minimumVersion = 1.3.0;
			};
		};
		A2B6F12D2AF21A1F00B48C66 /* XCRemoteSwiftPackageReference "swift-tagged" */ = {
			isa = XCRemoteSwiftPackageReference;
			repositoryURL = "https://github.com/pointfreeco/swift-tagged";
			requirement = {
				kind = upToNextMajorVersion;
				minimumVersion = 0.10.0;
			};
		};
/* End XCRemoteSwiftPackageReference section */

/* Begin XCSwiftPackageProductDependency section */
		A21FF6CA2B0B63E7005B7F26 /* ComposableArchitecture */ = {
			isa = XCSwiftPackageProductDependency;
			package = A2B6F1272AF2107600B48C66 /* XCRemoteSwiftPackageReference "swift-composable-architecture" */;
			productName = ComposableArchitecture;
		};
		A245FB782B0C6F2400E2C614 /* Tagged */ = {
			isa = XCSwiftPackageProductDependency;
			package = A2B6F12D2AF21A1F00B48C66 /* XCRemoteSwiftPackageReference "swift-tagged" */;
			productName = Tagged;
		};
		A2B6F1282AF2107600B48C66 /* ComposableArchitecture */ = {
			isa = XCSwiftPackageProductDependency;
			package = A2B6F1272AF2107600B48C66 /* XCRemoteSwiftPackageReference "swift-composable-architecture" */;
			productName = ComposableArchitecture;
		};
		A2B6F1312AF21D2800B48C66 /* Tagged */ = {
			isa = XCSwiftPackageProductDependency;
			package = A2B6F12D2AF21A1F00B48C66 /* XCRemoteSwiftPackageReference "swift-tagged" */;
			productName = Tagged;
		};
/* End XCSwiftPackageProductDependency section */
	};
	rootObject = A2B6F0F02AF20A5100B48C66 /* Project object */;
}
